
Microsoft Visual Studio Solution File, Format Version 12.00
# Visual Studio 15
VisualStudioVersion = 15.0.26730.15
MinimumVisualStudioVersion = 10.0.40219.1
Project("{FAE04EC0-301F-11D3-BF4B-00C04F79EFBC}") = "MissingArrayFinderTests", "MissingArrayFinderTests\MissingArrayFinderTests.csproj", "{FFE4F879-E2ED-469F-BE39-B63F895F0856}"
EndProject
Project("{FAE04EC0-301F-11D3-BF4B-00C04F79EFBC}") = "MissingArrayFinder", "MissingArrayFinder\MissingArrayFinder.csproj", "{DA0A74DC-F599-40FB-8D76-B9573FFB32C5}"
EndProject
Global
	GlobalSection(SolutionConfigurationPlatforms) = preSolution
		Debug|Any CPU = Debug|Any CPU
		Release|Any CPU = Release|Any CPU
	EndGlobalSection
	GlobalSection(ProjectConfigurationPlatforms) = postSolution
		{FFE4F879-E2ED-469F-BE39-B63F895F0856}.Debug|Any CPU.ActiveCfg = Debug|Any CPU
		{FFE4F879-E2ED-469F-BE39-B63F895F0856}.Debug|Any CPU.Build.0 = Debug|Any CPU
		{FFE4F879-E2ED-469F-BE39-B63F895F0856}.Release|Any CPU.ActiveCfg = Release|Any CPU
		{FFE4F879-E2ED-469F-BE39-B63F895F0856}.Release|Any CPU.Build.0 = Release|Any CPU
		{DA0A74DC-F599-40FB-8D76-B9573FFB32C5}.Debug|Any CPU.ActiveCfg = Debug|Any CPU
		{DA0A74DC-F599-40FB-8D76-B9573FFB32C5}.Debug|Any CPU.Build.0 = Debug|Any CPU
		{DA0A74DC-F599-40FB-8D76-B9573FFB32C5}.Release|Any CPU.ActiveCfg = Release|Any CPU
		{DA0A74DC-F599-40FB-8D76-B9573FFB32C5}.Release|Any CPU.Build.0 = Release|Any CPU
	EndGlobalSection
	GlobalSection(SolutionProperties) = preSolution
		HideSolutionNode = FALSE
	EndGlobalSection
	GlobalSection(ExtensibilityGlobals) = postSolution
		SolutionGuid = {67025579-4F27-4BB9-B4C9-55104A5D7019}
	EndGlobalSection
EndGlobal
