
Microsoft Visual Studio Solution File, Format Version 12.00
# Visual Studio 15
VisualStudioVersion = 15.0.26730.16
MinimumVisualStudioVersion = 10.0.40219.1
Project("{FAE04EC0-301F-11D3-BF4B-00C04F79EFBC}") = "ArrayToBinaryTreeConverter", "ArrayToBinaryTreeConverter\ArrayToBinaryTreeConverter.csproj", "{86A75A29-0F59-43BD-8F42-0FB6CDC18373}"
EndProject
Project("{FAE04EC0-301F-11D3-BF4B-00C04F79EFBC}") = "ArrayToBinaryTreeConverterTests", "ArrayToBinaryTreeConverterTests\ArrayToBinaryTreeConverterTests.csproj", "{13BA6067-D999-4C42-91DB-905A96898A8C}"
EndProject
Global
	GlobalSection(SolutionConfigurationPlatforms) = preSolution
		Debug|Any CPU = Debug|Any CPU
		Release|Any CPU = Release|Any CPU
	EndGlobalSection
	GlobalSection(ProjectConfigurationPlatforms) = postSolution
		{86A75A29-0F59-43BD-8F42-0FB6CDC18373}.Debug|Any CPU.ActiveCfg = Debug|Any CPU
		{86A75A29-0F59-43BD-8F42-0FB6CDC18373}.Debug|Any CPU.Build.0 = Debug|Any CPU
		{86A75A29-0F59-43BD-8F42-0FB6CDC18373}.Release|Any CPU.ActiveCfg = Release|Any CPU
		{86A75A29-0F59-43BD-8F42-0FB6CDC18373}.Release|Any CPU.Build.0 = Release|Any CPU
		{13BA6067-D999-4C42-91DB-905A96898A8C}.Debug|Any CPU.ActiveCfg = Debug|Any CPU
		{13BA6067-D999-4C42-91DB-905A96898A8C}.Debug|Any CPU.Build.0 = Debug|Any CPU
		{13BA6067-D999-4C42-91DB-905A96898A8C}.Release|Any CPU.ActiveCfg = Release|Any CPU
		{13BA6067-D999-4C42-91DB-905A96898A8C}.Release|Any CPU.Build.0 = Release|Any CPU
	EndGlobalSection
	GlobalSection(SolutionProperties) = preSolution
		HideSolutionNode = FALSE
	EndGlobalSection
	GlobalSection(ExtensibilityGlobals) = postSolution
		SolutionGuid = {A890457F-2C7F-493E-800E-83F582A67BB9}
	EndGlobalSection
EndGlobal
