
Microsoft Visual Studio Solution File, Format Version 12.00
# Visual Studio 14
VisualStudioVersion = 14.0.24720.0
MinimumVisualStudioVersion = 10.0.40219.1
Project("{FAE04EC0-301F-11D3-BF4B-00C04F79EFBC}") = "Week1", "Week1\Week1.csproj", "{D9293562-6657-4663-8418-04AA0BD1F9B7}"
EndProject
Project("{FAE04EC0-301F-11D3-BF4B-00C04F79EFBC}") = "Week1Tests", "Week1Tests\Week1Tests.csproj", "{8FC72571-BD16-4DB9-BBC6-37022E9CDAEE}"
EndProject
Project("{FAE04EC0-301F-11D3-BF4B-00C04F79EFBC}") = "BaseTests", "BaseTests\BaseTests.csproj", "{4B3179FF-C7F4-4FD7-B47E-9E9A43445A7F}"
EndProject
Project("{2150E333-8FDC-42A3-9474-1A3956D46DE8}") = "Task38", "Task38", "{1E470F81-0880-4B46-BC29-5DD57525FB45}"
EndProject
Project("{FAE04EC0-301F-11D3-BF4B-00C04F79EFBC}") = "Task38", "Task38\Task38.csproj", "{EB40F4E6-81B2-4D66-AFA8-E905EE8669D4}"
EndProject
Project("{FAE04EC0-301F-11D3-BF4B-00C04F79EFBC}") = "Task38Tests", "Task38Tests\Task38Tests.csproj", "{D8122E86-A08F-4937-B049-984ADA979BA9}"
EndProject
Project("{2150E333-8FDC-42A3-9474-1A3956D46DE8}") = "Task39", "Task39", "{4426D318-AD3A-4F52-87BF-2401C9D727D7}"
EndProject
Project("{FAE04EC0-301F-11D3-BF4B-00C04F79EFBC}") = "Task39", "Task39\Task39.csproj", "{52743899-C3CB-422B-B69A-4FD9F6D1E7F4}"
EndProject
Project("{FAE04EC0-301F-11D3-BF4B-00C04F79EFBC}") = "Task39Tests", "Task39Tests\Task39Tests.csproj", "{A23AAC97-A35E-4510-92DA-FAD5F296004E}"
EndProject
Global
	GlobalSection(SolutionConfigurationPlatforms) = preSolution
		Debug|Any CPU = Debug|Any CPU
		Debug|ARM = Debug|ARM
		Debug|x64 = Debug|x64
		Debug|x86 = Debug|x86
		Release|Any CPU = Release|Any CPU
		Release|ARM = Release|ARM
		Release|x64 = Release|x64
		Release|x86 = Release|x86
	EndGlobalSection
	GlobalSection(ProjectConfigurationPlatforms) = postSolution
		{D9293562-6657-4663-8418-04AA0BD1F9B7}.Debug|Any CPU.ActiveCfg = Debug|Any CPU
		{D9293562-6657-4663-8418-04AA0BD1F9B7}.Debug|Any CPU.Build.0 = Debug|Any CPU
		{D9293562-6657-4663-8418-04AA0BD1F9B7}.Debug|ARM.ActiveCfg = Debug|Any CPU
		{D9293562-6657-4663-8418-04AA0BD1F9B7}.Debug|ARM.Build.0 = Debug|Any CPU
		{D9293562-6657-4663-8418-04AA0BD1F9B7}.Debug|x64.ActiveCfg = Debug|Any CPU
		{D9293562-6657-4663-8418-04AA0BD1F9B7}.Debug|x64.Build.0 = Debug|Any CPU
		{D9293562-6657-4663-8418-04AA0BD1F9B7}.Debug|x86.ActiveCfg = Debug|Any CPU
		{D9293562-6657-4663-8418-04AA0BD1F9B7}.Debug|x86.Build.0 = Debug|Any CPU
		{D9293562-6657-4663-8418-04AA0BD1F9B7}.Release|Any CPU.ActiveCfg = Release|Any CPU
		{D9293562-6657-4663-8418-04AA0BD1F9B7}.Release|Any CPU.Build.0 = Release|Any CPU
		{D9293562-6657-4663-8418-04AA0BD1F9B7}.Release|ARM.ActiveCfg = Release|Any CPU
		{D9293562-6657-4663-8418-04AA0BD1F9B7}.Release|ARM.Build.0 = Release|Any CPU
		{D9293562-6657-4663-8418-04AA0BD1F9B7}.Release|x64.ActiveCfg = Release|Any CPU
		{D9293562-6657-4663-8418-04AA0BD1F9B7}.Release|x64.Build.0 = Release|Any CPU
		{D9293562-6657-4663-8418-04AA0BD1F9B7}.Release|x86.ActiveCfg = Release|Any CPU
		{D9293562-6657-4663-8418-04AA0BD1F9B7}.Release|x86.Build.0 = Release|Any CPU
		{8FC72571-BD16-4DB9-BBC6-37022E9CDAEE}.Debug|Any CPU.ActiveCfg = Debug|Any CPU
		{8FC72571-BD16-4DB9-BBC6-37022E9CDAEE}.Debug|Any CPU.Build.0 = Debug|Any CPU
		{8FC72571-BD16-4DB9-BBC6-37022E9CDAEE}.Debug|ARM.ActiveCfg = Debug|Any CPU
		{8FC72571-BD16-4DB9-BBC6-37022E9CDAEE}.Debug|ARM.Build.0 = Debug|Any CPU
		{8FC72571-BD16-4DB9-BBC6-37022E9CDAEE}.Debug|x64.ActiveCfg = Debug|Any CPU
		{8FC72571-BD16-4DB9-BBC6-37022E9CDAEE}.Debug|x64.Build.0 = Debug|Any CPU
		{8FC72571-BD16-4DB9-BBC6-37022E9CDAEE}.Debug|x86.ActiveCfg = Debug|Any CPU
		{8FC72571-BD16-4DB9-BBC6-37022E9CDAEE}.Debug|x86.Build.0 = Debug|Any CPU
		{8FC72571-BD16-4DB9-BBC6-37022E9CDAEE}.Release|Any CPU.ActiveCfg = Release|Any CPU
		{8FC72571-BD16-4DB9-BBC6-37022E9CDAEE}.Release|Any CPU.Build.0 = Release|Any CPU
		{8FC72571-BD16-4DB9-BBC6-37022E9CDAEE}.Release|ARM.ActiveCfg = Release|Any CPU
		{8FC72571-BD16-4DB9-BBC6-37022E9CDAEE}.Release|ARM.Build.0 = Release|Any CPU
		{8FC72571-BD16-4DB9-BBC6-37022E9CDAEE}.Release|x64.ActiveCfg = Release|Any CPU
		{8FC72571-BD16-4DB9-BBC6-37022E9CDAEE}.Release|x64.Build.0 = Release|Any CPU
		{8FC72571-BD16-4DB9-BBC6-37022E9CDAEE}.Release|x86.ActiveCfg = Release|Any CPU
		{8FC72571-BD16-4DB9-BBC6-37022E9CDAEE}.Release|x86.Build.0 = Release|Any CPU
		{4B3179FF-C7F4-4FD7-B47E-9E9A43445A7F}.Debug|Any CPU.ActiveCfg = Debug|Any CPU
		{4B3179FF-C7F4-4FD7-B47E-9E9A43445A7F}.Debug|Any CPU.Build.0 = Debug|Any CPU
		{4B3179FF-C7F4-4FD7-B47E-9E9A43445A7F}.Debug|ARM.ActiveCfg = Debug|Any CPU
		{4B3179FF-C7F4-4FD7-B47E-9E9A43445A7F}.Debug|ARM.Build.0 = Debug|Any CPU
		{4B3179FF-C7F4-4FD7-B47E-9E9A43445A7F}.Debug|x64.ActiveCfg = Debug|Any CPU
		{4B3179FF-C7F4-4FD7-B47E-9E9A43445A7F}.Debug|x64.Build.0 = Debug|Any CPU
		{4B3179FF-C7F4-4FD7-B47E-9E9A43445A7F}.Debug|x86.ActiveCfg = Debug|Any CPU
		{4B3179FF-C7F4-4FD7-B47E-9E9A43445A7F}.Debug|x86.Build.0 = Debug|Any CPU
		{4B3179FF-C7F4-4FD7-B47E-9E9A43445A7F}.Release|Any CPU.ActiveCfg = Release|Any CPU
		{4B3179FF-C7F4-4FD7-B47E-9E9A43445A7F}.Release|Any CPU.Build.0 = Release|Any CPU
		{4B3179FF-C7F4-4FD7-B47E-9E9A43445A7F}.Release|ARM.ActiveCfg = Release|Any CPU
		{4B3179FF-C7F4-4FD7-B47E-9E9A43445A7F}.Release|ARM.Build.0 = Release|Any CPU
		{4B3179FF-C7F4-4FD7-B47E-9E9A43445A7F}.Release|x64.ActiveCfg = Release|Any CPU
		{4B3179FF-C7F4-4FD7-B47E-9E9A43445A7F}.Release|x64.Build.0 = Release|Any CPU
		{4B3179FF-C7F4-4FD7-B47E-9E9A43445A7F}.Release|x86.ActiveCfg = Release|Any CPU
		{4B3179FF-C7F4-4FD7-B47E-9E9A43445A7F}.Release|x86.Build.0 = Release|Any CPU
		{EB40F4E6-81B2-4D66-AFA8-E905EE8669D4}.Debug|Any CPU.ActiveCfg = Debug|Any CPU
		{EB40F4E6-81B2-4D66-AFA8-E905EE8669D4}.Debug|Any CPU.Build.0 = Debug|Any CPU
		{EB40F4E6-81B2-4D66-AFA8-E905EE8669D4}.Debug|ARM.ActiveCfg = Debug|Any CPU
		{EB40F4E6-81B2-4D66-AFA8-E905EE8669D4}.Debug|ARM.Build.0 = Debug|Any CPU
		{EB40F4E6-81B2-4D66-AFA8-E905EE8669D4}.Debug|x64.ActiveCfg = Debug|Any CPU
		{EB40F4E6-81B2-4D66-AFA8-E905EE8669D4}.Debug|x64.Build.0 = Debug|Any CPU
		{EB40F4E6-81B2-4D66-AFA8-E905EE8669D4}.Debug|x86.ActiveCfg = Debug|Any CPU
		{EB40F4E6-81B2-4D66-AFA8-E905EE8669D4}.Debug|x86.Build.0 = Debug|Any CPU
		{EB40F4E6-81B2-4D66-AFA8-E905EE8669D4}.Release|Any CPU.ActiveCfg = Release|Any CPU
		{EB40F4E6-81B2-4D66-AFA8-E905EE8669D4}.Release|Any CPU.Build.0 = Release|Any CPU
		{EB40F4E6-81B2-4D66-AFA8-E905EE8669D4}.Release|ARM.ActiveCfg = Release|Any CPU
		{EB40F4E6-81B2-4D66-AFA8-E905EE8669D4}.Release|ARM.Build.0 = Release|Any CPU
		{EB40F4E6-81B2-4D66-AFA8-E905EE8669D4}.Release|x64.ActiveCfg = Release|Any CPU
		{EB40F4E6-81B2-4D66-AFA8-E905EE8669D4}.Release|x64.Build.0 = Release|Any CPU
		{EB40F4E6-81B2-4D66-AFA8-E905EE8669D4}.Release|x86.ActiveCfg = Release|Any CPU
		{EB40F4E6-81B2-4D66-AFA8-E905EE8669D4}.Release|x86.Build.0 = Release|Any CPU
		{D8122E86-A08F-4937-B049-984ADA979BA9}.Debug|Any CPU.ActiveCfg = Debug|Any CPU
		{D8122E86-A08F-4937-B049-984ADA979BA9}.Debug|Any CPU.Build.0 = Debug|Any CPU
		{D8122E86-A08F-4937-B049-984ADA979BA9}.Debug|ARM.ActiveCfg = Debug|Any CPU
		{D8122E86-A08F-4937-B049-984ADA979BA9}.Debug|ARM.Build.0 = Debug|Any CPU
		{D8122E86-A08F-4937-B049-984ADA979BA9}.Debug|x64.ActiveCfg = Debug|Any CPU
		{D8122E86-A08F-4937-B049-984ADA979BA9}.Debug|x64.Build.0 = Debug|Any CPU
		{D8122E86-A08F-4937-B049-984ADA979BA9}.Debug|x86.ActiveCfg = Debug|Any CPU
		{D8122E86-A08F-4937-B049-984ADA979BA9}.Debug|x86.Build.0 = Debug|Any CPU
		{D8122E86-A08F-4937-B049-984ADA979BA9}.Release|Any CPU.ActiveCfg = Release|Any CPU
		{D8122E86-A08F-4937-B049-984ADA979BA9}.Release|Any CPU.Build.0 = Release|Any CPU
		{D8122E86-A08F-4937-B049-984ADA979BA9}.Release|ARM.ActiveCfg = Release|Any CPU
		{D8122E86-A08F-4937-B049-984ADA979BA9}.Release|ARM.Build.0 = Release|Any CPU
		{D8122E86-A08F-4937-B049-984ADA979BA9}.Release|x64.ActiveCfg = Release|Any CPU
		{D8122E86-A08F-4937-B049-984ADA979BA9}.Release|x64.Build.0 = Release|Any CPU
		{D8122E86-A08F-4937-B049-984ADA979BA9}.Release|x86.ActiveCfg = Release|Any CPU
		{D8122E86-A08F-4937-B049-984ADA979BA9}.Release|x86.Build.0 = Release|Any CPU
		{52743899-C3CB-422B-B69A-4FD9F6D1E7F4}.Debug|Any CPU.ActiveCfg = Debug|Any CPU
		{52743899-C3CB-422B-B69A-4FD9F6D1E7F4}.Debug|Any CPU.Build.0 = Debug|Any CPU
		{52743899-C3CB-422B-B69A-4FD9F6D1E7F4}.Debug|ARM.ActiveCfg = Debug|Any CPU
		{52743899-C3CB-422B-B69A-4FD9F6D1E7F4}.Debug|ARM.Build.0 = Debug|Any CPU
		{52743899-C3CB-422B-B69A-4FD9F6D1E7F4}.Debug|x64.ActiveCfg = Debug|Any CPU
		{52743899-C3CB-422B-B69A-4FD9F6D1E7F4}.Debug|x64.Build.0 = Debug|Any CPU
		{52743899-C3CB-422B-B69A-4FD9F6D1E7F4}.Debug|x86.ActiveCfg = Debug|Any CPU
		{52743899-C3CB-422B-B69A-4FD9F6D1E7F4}.Debug|x86.Build.0 = Debug|Any CPU
		{52743899-C3CB-422B-B69A-4FD9F6D1E7F4}.Release|Any CPU.ActiveCfg = Release|Any CPU
		{52743899-C3CB-422B-B69A-4FD9F6D1E7F4}.Release|Any CPU.Build.0 = Release|Any CPU
		{52743899-C3CB-422B-B69A-4FD9F6D1E7F4}.Release|ARM.ActiveCfg = Release|Any CPU
		{52743899-C3CB-422B-B69A-4FD9F6D1E7F4}.Release|ARM.Build.0 = Release|Any CPU
		{52743899-C3CB-422B-B69A-4FD9F6D1E7F4}.Release|x64.ActiveCfg = Release|Any CPU
		{52743899-C3CB-422B-B69A-4FD9F6D1E7F4}.Release|x64.Build.0 = Release|Any CPU
		{52743899-C3CB-422B-B69A-4FD9F6D1E7F4}.Release|x86.ActiveCfg = Release|Any CPU
		{52743899-C3CB-422B-B69A-4FD9F6D1E7F4}.Release|x86.Build.0 = Release|Any CPU
		{A23AAC97-A35E-4510-92DA-FAD5F296004E}.Debug|Any CPU.ActiveCfg = Debug|Any CPU
		{A23AAC97-A35E-4510-92DA-FAD5F296004E}.Debug|Any CPU.Build.0 = Debug|Any CPU
		{A23AAC97-A35E-4510-92DA-FAD5F296004E}.Debug|ARM.ActiveCfg = Debug|Any CPU
		{A23AAC97-A35E-4510-92DA-FAD5F296004E}.Debug|ARM.Build.0 = Debug|Any CPU
		{A23AAC97-A35E-4510-92DA-FAD5F296004E}.Debug|x64.ActiveCfg = Debug|Any CPU
		{A23AAC97-A35E-4510-92DA-FAD5F296004E}.Debug|x64.Build.0 = Debug|Any CPU
		{A23AAC97-A35E-4510-92DA-FAD5F296004E}.Debug|x86.ActiveCfg = Debug|Any CPU
		{A23AAC97-A35E-4510-92DA-FAD5F296004E}.Debug|x86.Build.0 = Debug|Any CPU
		{A23AAC97-A35E-4510-92DA-FAD5F296004E}.Release|Any CPU.ActiveCfg = Release|Any CPU
		{A23AAC97-A35E-4510-92DA-FAD5F296004E}.Release|Any CPU.Build.0 = Release|Any CPU
		{A23AAC97-A35E-4510-92DA-FAD5F296004E}.Release|ARM.ActiveCfg = Release|Any CPU
		{A23AAC97-A35E-4510-92DA-FAD5F296004E}.Release|ARM.Build.0 = Release|Any CPU
		{A23AAC97-A35E-4510-92DA-FAD5F296004E}.Release|x64.ActiveCfg = Release|Any CPU
		{A23AAC97-A35E-4510-92DA-FAD5F296004E}.Release|x64.Build.0 = Release|Any CPU
		{A23AAC97-A35E-4510-92DA-FAD5F296004E}.Release|x86.ActiveCfg = Release|Any CPU
		{A23AAC97-A35E-4510-92DA-FAD5F296004E}.Release|x86.Build.0 = Release|Any CPU
	EndGlobalSection
	GlobalSection(SolutionProperties) = preSolution
		HideSolutionNode = FALSE
	EndGlobalSection
	GlobalSection(NestedProjects) = preSolution
		{EB40F4E6-81B2-4D66-AFA8-E905EE8669D4} = {1E470F81-0880-4B46-BC29-5DD57525FB45}
		{D8122E86-A08F-4937-B049-984ADA979BA9} = {1E470F81-0880-4B46-BC29-5DD57525FB45}
		{52743899-C3CB-422B-B69A-4FD9F6D1E7F4} = {4426D318-AD3A-4F52-87BF-2401C9D727D7}
		{A23AAC97-A35E-4510-92DA-FAD5F296004E} = {4426D318-AD3A-4F52-87BF-2401C9D727D7}
	EndGlobalSection
EndGlobal
