
Microsoft Visual Studio Solution File, Format Version 12.00
# Visual Studio 14
VisualStudioVersion = 14.0.25123.0
MinimumVisualStudioVersion = 10.0.40219.1
Project("{2150E333-8FDC-42A3-9474-1A3956D46DE8}") = "Task56", "Task56", "{B297A461-22CC-4A06-9C7F-A85696AB1AD5}"
EndProject
Project("{FAE04EC0-301F-11D3-BF4B-00C04F79EFBC}") = "Task56", "Task56\Task56.csproj", "{6285F626-9443-409B-8AA9-0F166D396326}"
EndProject
Project("{FAE04EC0-301F-11D3-BF4B-00C04F79EFBC}") = "Task56Tests", "Task56Tests\Task56Tests.csproj", "{79D9C97C-8A9B-4F8B-A32E-9C98CA20F986}"
EndProject
Project("{FAE04EC0-301F-11D3-BF4B-00C04F79EFBC}") = "BaseTests", "BaseTests\BaseTests.csproj", "{4B3179FF-C7F4-4FD7-B47E-9E9A43445A7F}"
EndProject
Project("{2150E333-8FDC-42A3-9474-1A3956D46DE8}") = "Task57", "Task57", "{C4574584-0A1C-4636-BB71-EACCD27C8E75}"
EndProject
Project("{FAE04EC0-301F-11D3-BF4B-00C04F79EFBC}") = "Task57", "Task57\Task57.csproj", "{8F4248B4-CE24-4EA0-822D-A254DA3D625F}"
EndProject
Project("{FAE04EC0-301F-11D3-BF4B-00C04F79EFBC}") = "Task57Tests", "Task57Tests\Task57Tests.csproj", "{FE3CC4E9-9E8D-484C-9CD3-D8D908785953}"
EndProject
Project("{2150E333-8FDC-42A3-9474-1A3956D46DE8}") = "Task58", "Task58", "{DF6C1875-F423-4E55-BD90-0833FE10C271}"
EndProject
Project("{FAE04EC0-301F-11D3-BF4B-00C04F79EFBC}") = "Task58", "Task58\Task58.csproj", "{3BAAB897-4D03-4359-81AF-1DF122B65C93}"
EndProject
Project("{FAE04EC0-301F-11D3-BF4B-00C04F79EFBC}") = "Task58Tests", "Task58Tests\Task58Tests.csproj", "{4BBD0A05-187B-437D-B92A-DEAD52B6C6B2}"
EndProject
Project("{2150E333-8FDC-42A3-9474-1A3956D46DE8}") = "Task59", "Task59", "{73331CCE-0BF8-4E36-AEEC-CFD6AAFF3BFD}"
EndProject
Project("{FAE04EC0-301F-11D3-BF4B-00C04F79EFBC}") = "Task59", "Task59\Task59.csproj", "{6A75642B-3196-4C68-BD41-9A7D43E53D5A}"
EndProject
Project("{FAE04EC0-301F-11D3-BF4B-00C04F79EFBC}") = "Task59Tests", "Task59Tests\Task59Tests.csproj", "{C2A47410-178F-43B1-8289-041FF80ABE81}"
EndProject
Global
	GlobalSection(SolutionConfigurationPlatforms) = preSolution
		Debug|Any CPU = Debug|Any CPU
		Release|Any CPU = Release|Any CPU
	EndGlobalSection
	GlobalSection(ProjectConfigurationPlatforms) = postSolution
		{6285F626-9443-409B-8AA9-0F166D396326}.Debug|Any CPU.ActiveCfg = Debug|Any CPU
		{6285F626-9443-409B-8AA9-0F166D396326}.Debug|Any CPU.Build.0 = Debug|Any CPU
		{6285F626-9443-409B-8AA9-0F166D396326}.Release|Any CPU.ActiveCfg = Release|Any CPU
		{6285F626-9443-409B-8AA9-0F166D396326}.Release|Any CPU.Build.0 = Release|Any CPU
		{79D9C97C-8A9B-4F8B-A32E-9C98CA20F986}.Debug|Any CPU.ActiveCfg = Debug|Any CPU
		{79D9C97C-8A9B-4F8B-A32E-9C98CA20F986}.Debug|Any CPU.Build.0 = Debug|Any CPU
		{79D9C97C-8A9B-4F8B-A32E-9C98CA20F986}.Release|Any CPU.ActiveCfg = Release|Any CPU
		{79D9C97C-8A9B-4F8B-A32E-9C98CA20F986}.Release|Any CPU.Build.0 = Release|Any CPU
		{4B3179FF-C7F4-4FD7-B47E-9E9A43445A7F}.Debug|Any CPU.ActiveCfg = Debug|Any CPU
		{4B3179FF-C7F4-4FD7-B47E-9E9A43445A7F}.Debug|Any CPU.Build.0 = Debug|Any CPU
		{4B3179FF-C7F4-4FD7-B47E-9E9A43445A7F}.Release|Any CPU.ActiveCfg = Release|Any CPU
		{4B3179FF-C7F4-4FD7-B47E-9E9A43445A7F}.Release|Any CPU.Build.0 = Release|Any CPU
		{8F4248B4-CE24-4EA0-822D-A254DA3D625F}.Debug|Any CPU.ActiveCfg = Debug|Any CPU
		{8F4248B4-CE24-4EA0-822D-A254DA3D625F}.Debug|Any CPU.Build.0 = Debug|Any CPU
		{8F4248B4-CE24-4EA0-822D-A254DA3D625F}.Release|Any CPU.ActiveCfg = Release|Any CPU
		{8F4248B4-CE24-4EA0-822D-A254DA3D625F}.Release|Any CPU.Build.0 = Release|Any CPU
		{FE3CC4E9-9E8D-484C-9CD3-D8D908785953}.Debug|Any CPU.ActiveCfg = Debug|Any CPU
		{FE3CC4E9-9E8D-484C-9CD3-D8D908785953}.Debug|Any CPU.Build.0 = Debug|Any CPU
		{FE3CC4E9-9E8D-484C-9CD3-D8D908785953}.Release|Any CPU.ActiveCfg = Release|Any CPU
		{FE3CC4E9-9E8D-484C-9CD3-D8D908785953}.Release|Any CPU.Build.0 = Release|Any CPU
		{3BAAB897-4D03-4359-81AF-1DF122B65C93}.Debug|Any CPU.ActiveCfg = Debug|Any CPU
		{3BAAB897-4D03-4359-81AF-1DF122B65C93}.Debug|Any CPU.Build.0 = Debug|Any CPU
		{3BAAB897-4D03-4359-81AF-1DF122B65C93}.Release|Any CPU.ActiveCfg = Release|Any CPU
		{3BAAB897-4D03-4359-81AF-1DF122B65C93}.Release|Any CPU.Build.0 = Release|Any CPU
		{4BBD0A05-187B-437D-B92A-DEAD52B6C6B2}.Debug|Any CPU.ActiveCfg = Debug|Any CPU
		{4BBD0A05-187B-437D-B92A-DEAD52B6C6B2}.Debug|Any CPU.Build.0 = Debug|Any CPU
		{4BBD0A05-187B-437D-B92A-DEAD52B6C6B2}.Release|Any CPU.ActiveCfg = Release|Any CPU
		{4BBD0A05-187B-437D-B92A-DEAD52B6C6B2}.Release|Any CPU.Build.0 = Release|Any CPU
		{6A75642B-3196-4C68-BD41-9A7D43E53D5A}.Debug|Any CPU.ActiveCfg = Debug|Any CPU
		{6A75642B-3196-4C68-BD41-9A7D43E53D5A}.Debug|Any CPU.Build.0 = Debug|Any CPU
		{6A75642B-3196-4C68-BD41-9A7D43E53D5A}.Release|Any CPU.ActiveCfg = Release|Any CPU
		{6A75642B-3196-4C68-BD41-9A7D43E53D5A}.Release|Any CPU.Build.0 = Release|Any CPU
		{C2A47410-178F-43B1-8289-041FF80ABE81}.Debug|Any CPU.ActiveCfg = Debug|Any CPU
		{C2A47410-178F-43B1-8289-041FF80ABE81}.Debug|Any CPU.Build.0 = Debug|Any CPU
		{C2A47410-178F-43B1-8289-041FF80ABE81}.Release|Any CPU.ActiveCfg = Release|Any CPU
		{C2A47410-178F-43B1-8289-041FF80ABE81}.Release|Any CPU.Build.0 = Release|Any CPU
	EndGlobalSection
	GlobalSection(SolutionProperties) = preSolution
		HideSolutionNode = FALSE
	EndGlobalSection
	GlobalSection(NestedProjects) = preSolution
		{6285F626-9443-409B-8AA9-0F166D396326} = {B297A461-22CC-4A06-9C7F-A85696AB1AD5}
		{79D9C97C-8A9B-4F8B-A32E-9C98CA20F986} = {B297A461-22CC-4A06-9C7F-A85696AB1AD5}
		{8F4248B4-CE24-4EA0-822D-A254DA3D625F} = {C4574584-0A1C-4636-BB71-EACCD27C8E75}
		{FE3CC4E9-9E8D-484C-9CD3-D8D908785953} = {C4574584-0A1C-4636-BB71-EACCD27C8E75}
		{3BAAB897-4D03-4359-81AF-1DF122B65C93} = {DF6C1875-F423-4E55-BD90-0833FE10C271}
		{4BBD0A05-187B-437D-B92A-DEAD52B6C6B2} = {DF6C1875-F423-4E55-BD90-0833FE10C271}
		{6A75642B-3196-4C68-BD41-9A7D43E53D5A} = {73331CCE-0BF8-4E36-AEEC-CFD6AAFF3BFD}
		{C2A47410-178F-43B1-8289-041FF80ABE81} = {73331CCE-0BF8-4E36-AEEC-CFD6AAFF3BFD}
	EndGlobalSection
EndGlobal
