
Microsoft Visual Studio Solution File, Format Version 12.00
# Visual Studio 14
VisualStudioVersion = 14.0.24720.0
MinimumVisualStudioVersion = 10.0.40219.1
Project("{FAE04EC0-301F-11D3-BF4B-00C04F79EFBC}") = "Week1", "Week1\Week1.csproj", "{D9293562-6657-4663-8418-04AA0BD1F9B7}"
EndProject
Project("{FAE04EC0-301F-11D3-BF4B-00C04F79EFBC}") = "Week1Tests", "Week1Tests\Week1Tests.csproj", "{8FC72571-BD16-4DB9-BBC6-37022E9CDAEE}"
EndProject
Project("{FAE04EC0-301F-11D3-BF4B-00C04F79EFBC}") = "BaseTests", "BaseTests\BaseTests.csproj", "{4B3179FF-C7F4-4FD7-B47E-9E9A43445A7F}"
EndProject
Project("{2150E333-8FDC-42A3-9474-1A3956D46DE8}") = "Task38", "Task38", "{1E470F81-0880-4B46-BC29-5DD57525FB45}"
EndProject
Project("{FAE04EC0-301F-11D3-BF4B-00C04F79EFBC}") = "Task38", "Task38\Task38.csproj", "{EB40F4E6-81B2-4D66-AFA8-E905EE8669D4}"
EndProject
Project("{FAE04EC0-301F-11D3-BF4B-00C04F79EFBC}") = "Task38Tests", "Task38Tests\Task38Tests.csproj", "{D8122E86-A08F-4937-B049-984ADA979BA9}"
EndProject
Project("{2150E333-8FDC-42A3-9474-1A3956D46DE8}") = "Task39", "Task39", "{4426D318-AD3A-4F52-87BF-2401C9D727D7}"
EndProject
Project("{FAE04EC0-301F-11D3-BF4B-00C04F79EFBC}") = "Task39", "Task39\Task39.csproj", "{52743899-C3CB-422B-B69A-4FD9F6D1E7F4}"
EndProject
Project("{FAE04EC0-301F-11D3-BF4B-00C04F79EFBC}") = "Task39Tests", "Task39Tests\Task39Tests.csproj", "{A23AAC97-A35E-4510-92DA-FAD5F296004E}"
EndProject
Project("{2150E333-8FDC-42A3-9474-1A3956D46DE8}") = "Task40", "Task40", "{1133FA4C-79BC-415D-B185-015655932171}"
EndProject
Project("{FAE04EC0-301F-11D3-BF4B-00C04F79EFBC}") = "Task40", "Task40\Task40.csproj", "{415FC5CE-9A7B-44E0-BA7C-120A8AD48C55}"
EndProject
Project("{FAE04EC0-301F-11D3-BF4B-00C04F79EFBC}") = "Task40Tests", "Task40Tests\Task40Tests.csproj", "{84E40D81-5B23-45D0-ADC4-DA95D30D52E3}"
EndProject
Project("{FAE04EC0-301F-11D3-BF4B-00C04F79EFBC}") = "Task40App", "Task40App\Task40App.csproj", "{DBDFE2C7-59F7-4824-8768-7F204DB14046}"
EndProject
Project("{2150E333-8FDC-42A3-9474-1A3956D46DE8}") = "Task41", "Task41", "{9B0F83E1-3F35-4C83-88F4-7F823146F4E7}"
EndProject
Project("{FAE04EC0-301F-11D3-BF4B-00C04F79EFBC}") = "Task41", "Task41\Task41.csproj", "{C14F45A2-FDCA-4704-9365-CF66B868DDAA}"
EndProject
Project("{FAE04EC0-301F-11D3-BF4B-00C04F79EFBC}") = "Task41Tests", "Task41Tests\Task41Tests.csproj", "{7EA2A36F-45CE-470E-968A-C168E340C83D}"
EndProject
Project("{2150E333-8FDC-42A3-9474-1A3956D46DE8}") = "Task42", "Task42", "{0A207DD1-CD32-4A18-BB83-0E196F189054}"
EndProject
Project("{FAE04EC0-301F-11D3-BF4B-00C04F79EFBC}") = "Task42", "Task42\Task42.csproj", "{EFBD27CC-14AC-4449-B947-D22B7FE5D4F9}"
EndProject
Project("{FAE04EC0-301F-11D3-BF4B-00C04F79EFBC}") = "Task42Tests", "Task42Tests\Task42Tests.csproj", "{F90768B5-8AC3-4088-90D4-1E24E1E460F9}"
EndProject
Project("{2150E333-8FDC-42A3-9474-1A3956D46DE8}") = "Task43", "Task43", "{4CBD41B4-14FE-4119-86D3-0612BB32A856}"
EndProject
Project("{FAE04EC0-301F-11D3-BF4B-00C04F79EFBC}") = "Task43", "Task43\Task43.csproj", "{88A8927E-E470-481E-909C-14D064552BC3}"
EndProject
Project("{FAE04EC0-301F-11D3-BF4B-00C04F79EFBC}") = "Task43Tests", "Task43Tests\Task43Tests.csproj", "{5A57E424-DC02-4C07-9EC2-14AF0AE9D325}"
EndProject
Global
	GlobalSection(SolutionConfigurationPlatforms) = preSolution
		Debug|Any CPU = Debug|Any CPU
		Debug|ARM = Debug|ARM
		Debug|x64 = Debug|x64
		Debug|x86 = Debug|x86
		Release|Any CPU = Release|Any CPU
		Release|ARM = Release|ARM
		Release|x64 = Release|x64
		Release|x86 = Release|x86
	EndGlobalSection
	GlobalSection(ProjectConfigurationPlatforms) = postSolution
		{D9293562-6657-4663-8418-04AA0BD1F9B7}.Debug|Any CPU.ActiveCfg = Debug|Any CPU
		{D9293562-6657-4663-8418-04AA0BD1F9B7}.Debug|Any CPU.Build.0 = Debug|Any CPU
		{D9293562-6657-4663-8418-04AA0BD1F9B7}.Debug|ARM.ActiveCfg = Debug|Any CPU
		{D9293562-6657-4663-8418-04AA0BD1F9B7}.Debug|ARM.Build.0 = Debug|Any CPU
		{D9293562-6657-4663-8418-04AA0BD1F9B7}.Debug|x64.ActiveCfg = Debug|Any CPU
		{D9293562-6657-4663-8418-04AA0BD1F9B7}.Debug|x64.Build.0 = Debug|Any CPU
		{D9293562-6657-4663-8418-04AA0BD1F9B7}.Debug|x86.ActiveCfg = Debug|Any CPU
		{D9293562-6657-4663-8418-04AA0BD1F9B7}.Debug|x86.Build.0 = Debug|Any CPU
		{D9293562-6657-4663-8418-04AA0BD1F9B7}.Release|Any CPU.ActiveCfg = Release|Any CPU
		{D9293562-6657-4663-8418-04AA0BD1F9B7}.Release|Any CPU.Build.0 = Release|Any CPU
		{D9293562-6657-4663-8418-04AA0BD1F9B7}.Release|ARM.ActiveCfg = Release|Any CPU
		{D9293562-6657-4663-8418-04AA0BD1F9B7}.Release|ARM.Build.0 = Release|Any CPU
		{D9293562-6657-4663-8418-04AA0BD1F9B7}.Release|x64.ActiveCfg = Release|Any CPU
		{D9293562-6657-4663-8418-04AA0BD1F9B7}.Release|x64.Build.0 = Release|Any CPU
		{D9293562-6657-4663-8418-04AA0BD1F9B7}.Release|x86.ActiveCfg = Release|Any CPU
		{D9293562-6657-4663-8418-04AA0BD1F9B7}.Release|x86.Build.0 = Release|Any CPU
		{8FC72571-BD16-4DB9-BBC6-37022E9CDAEE}.Debug|Any CPU.ActiveCfg = Debug|Any CPU
		{8FC72571-BD16-4DB9-BBC6-37022E9CDAEE}.Debug|Any CPU.Build.0 = Debug|Any CPU
		{8FC72571-BD16-4DB9-BBC6-37022E9CDAEE}.Debug|ARM.ActiveCfg = Debug|Any CPU
		{8FC72571-BD16-4DB9-BBC6-37022E9CDAEE}.Debug|ARM.Build.0 = Debug|Any CPU
		{8FC72571-BD16-4DB9-BBC6-37022E9CDAEE}.Debug|x64.ActiveCfg = Debug|Any CPU
		{8FC72571-BD16-4DB9-BBC6-37022E9CDAEE}.Debug|x64.Build.0 = Debug|Any CPU
		{8FC72571-BD16-4DB9-BBC6-37022E9CDAEE}.Debug|x86.ActiveCfg = Debug|Any CPU
		{8FC72571-BD16-4DB9-BBC6-37022E9CDAEE}.Debug|x86.Build.0 = Debug|Any CPU
		{8FC72571-BD16-4DB9-BBC6-37022E9CDAEE}.Release|Any CPU.ActiveCfg = Release|Any CPU
		{8FC72571-BD16-4DB9-BBC6-37022E9CDAEE}.Release|Any CPU.Build.0 = Release|Any CPU
		{8FC72571-BD16-4DB9-BBC6-37022E9CDAEE}.Release|ARM.ActiveCfg = Release|Any CPU
		{8FC72571-BD16-4DB9-BBC6-37022E9CDAEE}.Release|ARM.Build.0 = Release|Any CPU
		{8FC72571-BD16-4DB9-BBC6-37022E9CDAEE}.Release|x64.ActiveCfg = Release|Any CPU
		{8FC72571-BD16-4DB9-BBC6-37022E9CDAEE}.Release|x64.Build.0 = Release|Any CPU
		{8FC72571-BD16-4DB9-BBC6-37022E9CDAEE}.Release|x86.ActiveCfg = Release|Any CPU
		{8FC72571-BD16-4DB9-BBC6-37022E9CDAEE}.Release|x86.Build.0 = Release|Any CPU
		{4B3179FF-C7F4-4FD7-B47E-9E9A43445A7F}.Debug|Any CPU.ActiveCfg = Debug|Any CPU
		{4B3179FF-C7F4-4FD7-B47E-9E9A43445A7F}.Debug|Any CPU.Build.0 = Debug|Any CPU
		{4B3179FF-C7F4-4FD7-B47E-9E9A43445A7F}.Debug|ARM.ActiveCfg = Debug|Any CPU
		{4B3179FF-C7F4-4FD7-B47E-9E9A43445A7F}.Debug|ARM.Build.0 = Debug|Any CPU
		{4B3179FF-C7F4-4FD7-B47E-9E9A43445A7F}.Debug|x64.ActiveCfg = Debug|Any CPU
		{4B3179FF-C7F4-4FD7-B47E-9E9A43445A7F}.Debug|x64.Build.0 = Debug|Any CPU
		{4B3179FF-C7F4-4FD7-B47E-9E9A43445A7F}.Debug|x86.ActiveCfg = Debug|Any CPU
		{4B3179FF-C7F4-4FD7-B47E-9E9A43445A7F}.Debug|x86.Build.0 = Debug|Any CPU
		{4B3179FF-C7F4-4FD7-B47E-9E9A43445A7F}.Release|Any CPU.ActiveCfg = Release|Any CPU
		{4B3179FF-C7F4-4FD7-B47E-9E9A43445A7F}.Release|Any CPU.Build.0 = Release|Any CPU
		{4B3179FF-C7F4-4FD7-B47E-9E9A43445A7F}.Release|ARM.ActiveCfg = Release|Any CPU
		{4B3179FF-C7F4-4FD7-B47E-9E9A43445A7F}.Release|ARM.Build.0 = Release|Any CPU
		{4B3179FF-C7F4-4FD7-B47E-9E9A43445A7F}.Release|x64.ActiveCfg = Release|Any CPU
		{4B3179FF-C7F4-4FD7-B47E-9E9A43445A7F}.Release|x64.Build.0 = Release|Any CPU
		{4B3179FF-C7F4-4FD7-B47E-9E9A43445A7F}.Release|x86.ActiveCfg = Release|Any CPU
		{4B3179FF-C7F4-4FD7-B47E-9E9A43445A7F}.Release|x86.Build.0 = Release|Any CPU
		{EB40F4E6-81B2-4D66-AFA8-E905EE8669D4}.Debug|Any CPU.ActiveCfg = Debug|Any CPU
		{EB40F4E6-81B2-4D66-AFA8-E905EE8669D4}.Debug|Any CPU.Build.0 = Debug|Any CPU
		{EB40F4E6-81B2-4D66-AFA8-E905EE8669D4}.Debug|ARM.ActiveCfg = Debug|Any CPU
		{EB40F4E6-81B2-4D66-AFA8-E905EE8669D4}.Debug|ARM.Build.0 = Debug|Any CPU
		{EB40F4E6-81B2-4D66-AFA8-E905EE8669D4}.Debug|x64.ActiveCfg = Debug|Any CPU
		{EB40F4E6-81B2-4D66-AFA8-E905EE8669D4}.Debug|x64.Build.0 = Debug|Any CPU
		{EB40F4E6-81B2-4D66-AFA8-E905EE8669D4}.Debug|x86.ActiveCfg = Debug|Any CPU
		{EB40F4E6-81B2-4D66-AFA8-E905EE8669D4}.Debug|x86.Build.0 = Debug|Any CPU
		{EB40F4E6-81B2-4D66-AFA8-E905EE8669D4}.Release|Any CPU.ActiveCfg = Release|Any CPU
		{EB40F4E6-81B2-4D66-AFA8-E905EE8669D4}.Release|Any CPU.Build.0 = Release|Any CPU
		{EB40F4E6-81B2-4D66-AFA8-E905EE8669D4}.Release|ARM.ActiveCfg = Release|Any CPU
		{EB40F4E6-81B2-4D66-AFA8-E905EE8669D4}.Release|ARM.Build.0 = Release|Any CPU
		{EB40F4E6-81B2-4D66-AFA8-E905EE8669D4}.Release|x64.ActiveCfg = Release|Any CPU
		{EB40F4E6-81B2-4D66-AFA8-E905EE8669D4}.Release|x64.Build.0 = Release|Any CPU
		{EB40F4E6-81B2-4D66-AFA8-E905EE8669D4}.Release|x86.ActiveCfg = Release|Any CPU
		{EB40F4E6-81B2-4D66-AFA8-E905EE8669D4}.Release|x86.Build.0 = Release|Any CPU
		{D8122E86-A08F-4937-B049-984ADA979BA9}.Debug|Any CPU.ActiveCfg = Debug|Any CPU
		{D8122E86-A08F-4937-B049-984ADA979BA9}.Debug|Any CPU.Build.0 = Debug|Any CPU
		{D8122E86-A08F-4937-B049-984ADA979BA9}.Debug|ARM.ActiveCfg = Debug|Any CPU
		{D8122E86-A08F-4937-B049-984ADA979BA9}.Debug|ARM.Build.0 = Debug|Any CPU
		{D8122E86-A08F-4937-B049-984ADA979BA9}.Debug|x64.ActiveCfg = Debug|Any CPU
		{D8122E86-A08F-4937-B049-984ADA979BA9}.Debug|x64.Build.0 = Debug|Any CPU
		{D8122E86-A08F-4937-B049-984ADA979BA9}.Debug|x86.ActiveCfg = Debug|Any CPU
		{D8122E86-A08F-4937-B049-984ADA979BA9}.Debug|x86.Build.0 = Debug|Any CPU
		{D8122E86-A08F-4937-B049-984ADA979BA9}.Release|Any CPU.ActiveCfg = Release|Any CPU
		{D8122E86-A08F-4937-B049-984ADA979BA9}.Release|Any CPU.Build.0 = Release|Any CPU
		{D8122E86-A08F-4937-B049-984ADA979BA9}.Release|ARM.ActiveCfg = Release|Any CPU
		{D8122E86-A08F-4937-B049-984ADA979BA9}.Release|ARM.Build.0 = Release|Any CPU
		{D8122E86-A08F-4937-B049-984ADA979BA9}.Release|x64.ActiveCfg = Release|Any CPU
		{D8122E86-A08F-4937-B049-984ADA979BA9}.Release|x64.Build.0 = Release|Any CPU
		{D8122E86-A08F-4937-B049-984ADA979BA9}.Release|x86.ActiveCfg = Release|Any CPU
		{D8122E86-A08F-4937-B049-984ADA979BA9}.Release|x86.Build.0 = Release|Any CPU
		{52743899-C3CB-422B-B69A-4FD9F6D1E7F4}.Debug|Any CPU.ActiveCfg = Debug|Any CPU
		{52743899-C3CB-422B-B69A-4FD9F6D1E7F4}.Debug|Any CPU.Build.0 = Debug|Any CPU
		{52743899-C3CB-422B-B69A-4FD9F6D1E7F4}.Debug|ARM.ActiveCfg = Debug|Any CPU
		{52743899-C3CB-422B-B69A-4FD9F6D1E7F4}.Debug|ARM.Build.0 = Debug|Any CPU
		{52743899-C3CB-422B-B69A-4FD9F6D1E7F4}.Debug|x64.ActiveCfg = Debug|Any CPU
		{52743899-C3CB-422B-B69A-4FD9F6D1E7F4}.Debug|x64.Build.0 = Debug|Any CPU
		{52743899-C3CB-422B-B69A-4FD9F6D1E7F4}.Debug|x86.ActiveCfg = Debug|Any CPU
		{52743899-C3CB-422B-B69A-4FD9F6D1E7F4}.Debug|x86.Build.0 = Debug|Any CPU
		{52743899-C3CB-422B-B69A-4FD9F6D1E7F4}.Release|Any CPU.ActiveCfg = Release|Any CPU
		{52743899-C3CB-422B-B69A-4FD9F6D1E7F4}.Release|Any CPU.Build.0 = Release|Any CPU
		{52743899-C3CB-422B-B69A-4FD9F6D1E7F4}.Release|ARM.ActiveCfg = Release|Any CPU
		{52743899-C3CB-422B-B69A-4FD9F6D1E7F4}.Release|ARM.Build.0 = Release|Any CPU
		{52743899-C3CB-422B-B69A-4FD9F6D1E7F4}.Release|x64.ActiveCfg = Release|Any CPU
		{52743899-C3CB-422B-B69A-4FD9F6D1E7F4}.Release|x64.Build.0 = Release|Any CPU
		{52743899-C3CB-422B-B69A-4FD9F6D1E7F4}.Release|x86.ActiveCfg = Release|Any CPU
		{52743899-C3CB-422B-B69A-4FD9F6D1E7F4}.Release|x86.Build.0 = Release|Any CPU
		{A23AAC97-A35E-4510-92DA-FAD5F296004E}.Debug|Any CPU.ActiveCfg = Debug|Any CPU
		{A23AAC97-A35E-4510-92DA-FAD5F296004E}.Debug|Any CPU.Build.0 = Debug|Any CPU
		{A23AAC97-A35E-4510-92DA-FAD5F296004E}.Debug|ARM.ActiveCfg = Debug|Any CPU
		{A23AAC97-A35E-4510-92DA-FAD5F296004E}.Debug|ARM.Build.0 = Debug|Any CPU
		{A23AAC97-A35E-4510-92DA-FAD5F296004E}.Debug|x64.ActiveCfg = Debug|Any CPU
		{A23AAC97-A35E-4510-92DA-FAD5F296004E}.Debug|x64.Build.0 = Debug|Any CPU
		{A23AAC97-A35E-4510-92DA-FAD5F296004E}.Debug|x86.ActiveCfg = Debug|Any CPU
		{A23AAC97-A35E-4510-92DA-FAD5F296004E}.Debug|x86.Build.0 = Debug|Any CPU
		{A23AAC97-A35E-4510-92DA-FAD5F296004E}.Release|Any CPU.ActiveCfg = Release|Any CPU
		{A23AAC97-A35E-4510-92DA-FAD5F296004E}.Release|Any CPU.Build.0 = Release|Any CPU
		{A23AAC97-A35E-4510-92DA-FAD5F296004E}.Release|ARM.ActiveCfg = Release|Any CPU
		{A23AAC97-A35E-4510-92DA-FAD5F296004E}.Release|ARM.Build.0 = Release|Any CPU
		{A23AAC97-A35E-4510-92DA-FAD5F296004E}.Release|x64.ActiveCfg = Release|Any CPU
		{A23AAC97-A35E-4510-92DA-FAD5F296004E}.Release|x64.Build.0 = Release|Any CPU
		{A23AAC97-A35E-4510-92DA-FAD5F296004E}.Release|x86.ActiveCfg = Release|Any CPU
		{A23AAC97-A35E-4510-92DA-FAD5F296004E}.Release|x86.Build.0 = Release|Any CPU
		{415FC5CE-9A7B-44E0-BA7C-120A8AD48C55}.Debug|Any CPU.ActiveCfg = Debug|Any CPU
		{415FC5CE-9A7B-44E0-BA7C-120A8AD48C55}.Debug|Any CPU.Build.0 = Debug|Any CPU
		{415FC5CE-9A7B-44E0-BA7C-120A8AD48C55}.Debug|ARM.ActiveCfg = Debug|Any CPU
		{415FC5CE-9A7B-44E0-BA7C-120A8AD48C55}.Debug|ARM.Build.0 = Debug|Any CPU
		{415FC5CE-9A7B-44E0-BA7C-120A8AD48C55}.Debug|x64.ActiveCfg = Debug|Any CPU
		{415FC5CE-9A7B-44E0-BA7C-120A8AD48C55}.Debug|x64.Build.0 = Debug|Any CPU
		{415FC5CE-9A7B-44E0-BA7C-120A8AD48C55}.Debug|x86.ActiveCfg = Debug|Any CPU
		{415FC5CE-9A7B-44E0-BA7C-120A8AD48C55}.Debug|x86.Build.0 = Debug|Any CPU
		{415FC5CE-9A7B-44E0-BA7C-120A8AD48C55}.Release|Any CPU.ActiveCfg = Release|Any CPU
		{415FC5CE-9A7B-44E0-BA7C-120A8AD48C55}.Release|Any CPU.Build.0 = Release|Any CPU
		{415FC5CE-9A7B-44E0-BA7C-120A8AD48C55}.Release|ARM.ActiveCfg = Release|Any CPU
		{415FC5CE-9A7B-44E0-BA7C-120A8AD48C55}.Release|ARM.Build.0 = Release|Any CPU
		{415FC5CE-9A7B-44E0-BA7C-120A8AD48C55}.Release|x64.ActiveCfg = Release|Any CPU
		{415FC5CE-9A7B-44E0-BA7C-120A8AD48C55}.Release|x64.Build.0 = Release|Any CPU
		{415FC5CE-9A7B-44E0-BA7C-120A8AD48C55}.Release|x86.ActiveCfg = Release|Any CPU
		{415FC5CE-9A7B-44E0-BA7C-120A8AD48C55}.Release|x86.Build.0 = Release|Any CPU
		{84E40D81-5B23-45D0-ADC4-DA95D30D52E3}.Debug|Any CPU.ActiveCfg = Debug|Any CPU
		{84E40D81-5B23-45D0-ADC4-DA95D30D52E3}.Debug|Any CPU.Build.0 = Debug|Any CPU
		{84E40D81-5B23-45D0-ADC4-DA95D30D52E3}.Debug|ARM.ActiveCfg = Debug|Any CPU
		{84E40D81-5B23-45D0-ADC4-DA95D30D52E3}.Debug|ARM.Build.0 = Debug|Any CPU
		{84E40D81-5B23-45D0-ADC4-DA95D30D52E3}.Debug|x64.ActiveCfg = Debug|Any CPU
		{84E40D81-5B23-45D0-ADC4-DA95D30D52E3}.Debug|x64.Build.0 = Debug|Any CPU
		{84E40D81-5B23-45D0-ADC4-DA95D30D52E3}.Debug|x86.ActiveCfg = Debug|Any CPU
		{84E40D81-5B23-45D0-ADC4-DA95D30D52E3}.Debug|x86.Build.0 = Debug|Any CPU
		{84E40D81-5B23-45D0-ADC4-DA95D30D52E3}.Release|Any CPU.ActiveCfg = Release|Any CPU
		{84E40D81-5B23-45D0-ADC4-DA95D30D52E3}.Release|Any CPU.Build.0 = Release|Any CPU
		{84E40D81-5B23-45D0-ADC4-DA95D30D52E3}.Release|ARM.ActiveCfg = Release|Any CPU
		{84E40D81-5B23-45D0-ADC4-DA95D30D52E3}.Release|ARM.Build.0 = Release|Any CPU
		{84E40D81-5B23-45D0-ADC4-DA95D30D52E3}.Release|x64.ActiveCfg = Release|Any CPU
		{84E40D81-5B23-45D0-ADC4-DA95D30D52E3}.Release|x64.Build.0 = Release|Any CPU
		{84E40D81-5B23-45D0-ADC4-DA95D30D52E3}.Release|x86.ActiveCfg = Release|Any CPU
		{84E40D81-5B23-45D0-ADC4-DA95D30D52E3}.Release|x86.Build.0 = Release|Any CPU
		{DBDFE2C7-59F7-4824-8768-7F204DB14046}.Debug|Any CPU.ActiveCfg = Debug|Any CPU
		{DBDFE2C7-59F7-4824-8768-7F204DB14046}.Debug|Any CPU.Build.0 = Debug|Any CPU
		{DBDFE2C7-59F7-4824-8768-7F204DB14046}.Debug|ARM.ActiveCfg = Debug|Any CPU
		{DBDFE2C7-59F7-4824-8768-7F204DB14046}.Debug|ARM.Build.0 = Debug|Any CPU
		{DBDFE2C7-59F7-4824-8768-7F204DB14046}.Debug|x64.ActiveCfg = Debug|Any CPU
		{DBDFE2C7-59F7-4824-8768-7F204DB14046}.Debug|x64.Build.0 = Debug|Any CPU
		{DBDFE2C7-59F7-4824-8768-7F204DB14046}.Debug|x86.ActiveCfg = Debug|Any CPU
		{DBDFE2C7-59F7-4824-8768-7F204DB14046}.Debug|x86.Build.0 = Debug|Any CPU
		{DBDFE2C7-59F7-4824-8768-7F204DB14046}.Release|Any CPU.ActiveCfg = Release|Any CPU
		{DBDFE2C7-59F7-4824-8768-7F204DB14046}.Release|Any CPU.Build.0 = Release|Any CPU
		{DBDFE2C7-59F7-4824-8768-7F204DB14046}.Release|ARM.ActiveCfg = Release|Any CPU
		{DBDFE2C7-59F7-4824-8768-7F204DB14046}.Release|ARM.Build.0 = Release|Any CPU
		{DBDFE2C7-59F7-4824-8768-7F204DB14046}.Release|x64.ActiveCfg = Release|Any CPU
		{DBDFE2C7-59F7-4824-8768-7F204DB14046}.Release|x64.Build.0 = Release|Any CPU
		{DBDFE2C7-59F7-4824-8768-7F204DB14046}.Release|x86.ActiveCfg = Release|Any CPU
		{DBDFE2C7-59F7-4824-8768-7F204DB14046}.Release|x86.Build.0 = Release|Any CPU
		{C14F45A2-FDCA-4704-9365-CF66B868DDAA}.Debug|Any CPU.ActiveCfg = Debug|Any CPU
		{C14F45A2-FDCA-4704-9365-CF66B868DDAA}.Debug|Any CPU.Build.0 = Debug|Any CPU
		{C14F45A2-FDCA-4704-9365-CF66B868DDAA}.Debug|ARM.ActiveCfg = Debug|Any CPU
		{C14F45A2-FDCA-4704-9365-CF66B868DDAA}.Debug|ARM.Build.0 = Debug|Any CPU
		{C14F45A2-FDCA-4704-9365-CF66B868DDAA}.Debug|x64.ActiveCfg = Debug|Any CPU
		{C14F45A2-FDCA-4704-9365-CF66B868DDAA}.Debug|x64.Build.0 = Debug|Any CPU
		{C14F45A2-FDCA-4704-9365-CF66B868DDAA}.Debug|x86.ActiveCfg = Debug|Any CPU
		{C14F45A2-FDCA-4704-9365-CF66B868DDAA}.Debug|x86.Build.0 = Debug|Any CPU
		{C14F45A2-FDCA-4704-9365-CF66B868DDAA}.Release|Any CPU.ActiveCfg = Release|Any CPU
		{C14F45A2-FDCA-4704-9365-CF66B868DDAA}.Release|Any CPU.Build.0 = Release|Any CPU
		{C14F45A2-FDCA-4704-9365-CF66B868DDAA}.Release|ARM.ActiveCfg = Release|Any CPU
		{C14F45A2-FDCA-4704-9365-CF66B868DDAA}.Release|ARM.Build.0 = Release|Any CPU
		{C14F45A2-FDCA-4704-9365-CF66B868DDAA}.Release|x64.ActiveCfg = Release|Any CPU
		{C14F45A2-FDCA-4704-9365-CF66B868DDAA}.Release|x64.Build.0 = Release|Any CPU
		{C14F45A2-FDCA-4704-9365-CF66B868DDAA}.Release|x86.ActiveCfg = Release|Any CPU
		{C14F45A2-FDCA-4704-9365-CF66B868DDAA}.Release|x86.Build.0 = Release|Any CPU
		{7EA2A36F-45CE-470E-968A-C168E340C83D}.Debug|Any CPU.ActiveCfg = Debug|Any CPU
		{7EA2A36F-45CE-470E-968A-C168E340C83D}.Debug|Any CPU.Build.0 = Debug|Any CPU
		{7EA2A36F-45CE-470E-968A-C168E340C83D}.Debug|ARM.ActiveCfg = Debug|Any CPU
		{7EA2A36F-45CE-470E-968A-C168E340C83D}.Debug|ARM.Build.0 = Debug|Any CPU
		{7EA2A36F-45CE-470E-968A-C168E340C83D}.Debug|x64.ActiveCfg = Debug|Any CPU
		{7EA2A36F-45CE-470E-968A-C168E340C83D}.Debug|x64.Build.0 = Debug|Any CPU
		{7EA2A36F-45CE-470E-968A-C168E340C83D}.Debug|x86.ActiveCfg = Debug|Any CPU
		{7EA2A36F-45CE-470E-968A-C168E340C83D}.Debug|x86.Build.0 = Debug|Any CPU
		{7EA2A36F-45CE-470E-968A-C168E340C83D}.Release|Any CPU.ActiveCfg = Release|Any CPU
		{7EA2A36F-45CE-470E-968A-C168E340C83D}.Release|Any CPU.Build.0 = Release|Any CPU
		{7EA2A36F-45CE-470E-968A-C168E340C83D}.Release|ARM.ActiveCfg = Release|Any CPU
		{7EA2A36F-45CE-470E-968A-C168E340C83D}.Release|ARM.Build.0 = Release|Any CPU
		{7EA2A36F-45CE-470E-968A-C168E340C83D}.Release|x64.ActiveCfg = Release|Any CPU
		{7EA2A36F-45CE-470E-968A-C168E340C83D}.Release|x64.Build.0 = Release|Any CPU
		{7EA2A36F-45CE-470E-968A-C168E340C83D}.Release|x86.ActiveCfg = Release|Any CPU
		{7EA2A36F-45CE-470E-968A-C168E340C83D}.Release|x86.Build.0 = Release|Any CPU
		{EFBD27CC-14AC-4449-B947-D22B7FE5D4F9}.Debug|Any CPU.ActiveCfg = Debug|Any CPU
		{EFBD27CC-14AC-4449-B947-D22B7FE5D4F9}.Debug|Any CPU.Build.0 = Debug|Any CPU
		{EFBD27CC-14AC-4449-B947-D22B7FE5D4F9}.Debug|ARM.ActiveCfg = Debug|Any CPU
		{EFBD27CC-14AC-4449-B947-D22B7FE5D4F9}.Debug|ARM.Build.0 = Debug|Any CPU
		{EFBD27CC-14AC-4449-B947-D22B7FE5D4F9}.Debug|x64.ActiveCfg = Debug|Any CPU
		{EFBD27CC-14AC-4449-B947-D22B7FE5D4F9}.Debug|x64.Build.0 = Debug|Any CPU
		{EFBD27CC-14AC-4449-B947-D22B7FE5D4F9}.Debug|x86.ActiveCfg = Debug|Any CPU
		{EFBD27CC-14AC-4449-B947-D22B7FE5D4F9}.Debug|x86.Build.0 = Debug|Any CPU
		{EFBD27CC-14AC-4449-B947-D22B7FE5D4F9}.Release|Any CPU.ActiveCfg = Release|Any CPU
		{EFBD27CC-14AC-4449-B947-D22B7FE5D4F9}.Release|Any CPU.Build.0 = Release|Any CPU
		{EFBD27CC-14AC-4449-B947-D22B7FE5D4F9}.Release|ARM.ActiveCfg = Release|Any CPU
		{EFBD27CC-14AC-4449-B947-D22B7FE5D4F9}.Release|ARM.Build.0 = Release|Any CPU
		{EFBD27CC-14AC-4449-B947-D22B7FE5D4F9}.Release|x64.ActiveCfg = Release|Any CPU
		{EFBD27CC-14AC-4449-B947-D22B7FE5D4F9}.Release|x64.Build.0 = Release|Any CPU
		{EFBD27CC-14AC-4449-B947-D22B7FE5D4F9}.Release|x86.ActiveCfg = Release|Any CPU
		{EFBD27CC-14AC-4449-B947-D22B7FE5D4F9}.Release|x86.Build.0 = Release|Any CPU
		{F90768B5-8AC3-4088-90D4-1E24E1E460F9}.Debug|Any CPU.ActiveCfg = Debug|Any CPU
		{F90768B5-8AC3-4088-90D4-1E24E1E460F9}.Debug|Any CPU.Build.0 = Debug|Any CPU
		{F90768B5-8AC3-4088-90D4-1E24E1E460F9}.Debug|ARM.ActiveCfg = Debug|Any CPU
		{F90768B5-8AC3-4088-90D4-1E24E1E460F9}.Debug|ARM.Build.0 = Debug|Any CPU
		{F90768B5-8AC3-4088-90D4-1E24E1E460F9}.Debug|x64.ActiveCfg = Debug|Any CPU
		{F90768B5-8AC3-4088-90D4-1E24E1E460F9}.Debug|x64.Build.0 = Debug|Any CPU
		{F90768B5-8AC3-4088-90D4-1E24E1E460F9}.Debug|x86.ActiveCfg = Debug|Any CPU
		{F90768B5-8AC3-4088-90D4-1E24E1E460F9}.Debug|x86.Build.0 = Debug|Any CPU
		{F90768B5-8AC3-4088-90D4-1E24E1E460F9}.Release|Any CPU.ActiveCfg = Release|Any CPU
		{F90768B5-8AC3-4088-90D4-1E24E1E460F9}.Release|Any CPU.Build.0 = Release|Any CPU
		{F90768B5-8AC3-4088-90D4-1E24E1E460F9}.Release|ARM.ActiveCfg = Release|Any CPU
		{F90768B5-8AC3-4088-90D4-1E24E1E460F9}.Release|ARM.Build.0 = Release|Any CPU
		{F90768B5-8AC3-4088-90D4-1E24E1E460F9}.Release|x64.ActiveCfg = Release|Any CPU
		{F90768B5-8AC3-4088-90D4-1E24E1E460F9}.Release|x64.Build.0 = Release|Any CPU
		{F90768B5-8AC3-4088-90D4-1E24E1E460F9}.Release|x86.ActiveCfg = Release|Any CPU
		{F90768B5-8AC3-4088-90D4-1E24E1E460F9}.Release|x86.Build.0 = Release|Any CPU
		{88A8927E-E470-481E-909C-14D064552BC3}.Debug|Any CPU.ActiveCfg = Debug|Any CPU
		{88A8927E-E470-481E-909C-14D064552BC3}.Debug|Any CPU.Build.0 = Debug|Any CPU
		{88A8927E-E470-481E-909C-14D064552BC3}.Debug|ARM.ActiveCfg = Debug|Any CPU
		{88A8927E-E470-481E-909C-14D064552BC3}.Debug|ARM.Build.0 = Debug|Any CPU
		{88A8927E-E470-481E-909C-14D064552BC3}.Debug|x64.ActiveCfg = Debug|Any CPU
		{88A8927E-E470-481E-909C-14D064552BC3}.Debug|x64.Build.0 = Debug|Any CPU
		{88A8927E-E470-481E-909C-14D064552BC3}.Debug|x86.ActiveCfg = Debug|Any CPU
		{88A8927E-E470-481E-909C-14D064552BC3}.Debug|x86.Build.0 = Debug|Any CPU
		{88A8927E-E470-481E-909C-14D064552BC3}.Release|Any CPU.ActiveCfg = Release|Any CPU
		{88A8927E-E470-481E-909C-14D064552BC3}.Release|Any CPU.Build.0 = Release|Any CPU
		{88A8927E-E470-481E-909C-14D064552BC3}.Release|ARM.ActiveCfg = Release|Any CPU
		{88A8927E-E470-481E-909C-14D064552BC3}.Release|ARM.Build.0 = Release|Any CPU
		{88A8927E-E470-481E-909C-14D064552BC3}.Release|x64.ActiveCfg = Release|Any CPU
		{88A8927E-E470-481E-909C-14D064552BC3}.Release|x64.Build.0 = Release|Any CPU
		{88A8927E-E470-481E-909C-14D064552BC3}.Release|x86.ActiveCfg = Release|Any CPU
		{88A8927E-E470-481E-909C-14D064552BC3}.Release|x86.Build.0 = Release|Any CPU
		{5A57E424-DC02-4C07-9EC2-14AF0AE9D325}.Debug|Any CPU.ActiveCfg = Debug|Any CPU
		{5A57E424-DC02-4C07-9EC2-14AF0AE9D325}.Debug|Any CPU.Build.0 = Debug|Any CPU
		{5A57E424-DC02-4C07-9EC2-14AF0AE9D325}.Debug|ARM.ActiveCfg = Debug|Any CPU
		{5A57E424-DC02-4C07-9EC2-14AF0AE9D325}.Debug|ARM.Build.0 = Debug|Any CPU
		{5A57E424-DC02-4C07-9EC2-14AF0AE9D325}.Debug|x64.ActiveCfg = Debug|Any CPU
		{5A57E424-DC02-4C07-9EC2-14AF0AE9D325}.Debug|x64.Build.0 = Debug|Any CPU
		{5A57E424-DC02-4C07-9EC2-14AF0AE9D325}.Debug|x86.ActiveCfg = Debug|Any CPU
		{5A57E424-DC02-4C07-9EC2-14AF0AE9D325}.Debug|x86.Build.0 = Debug|Any CPU
		{5A57E424-DC02-4C07-9EC2-14AF0AE9D325}.Release|Any CPU.ActiveCfg = Release|Any CPU
		{5A57E424-DC02-4C07-9EC2-14AF0AE9D325}.Release|Any CPU.Build.0 = Release|Any CPU
		{5A57E424-DC02-4C07-9EC2-14AF0AE9D325}.Release|ARM.ActiveCfg = Release|Any CPU
		{5A57E424-DC02-4C07-9EC2-14AF0AE9D325}.Release|ARM.Build.0 = Release|Any CPU
		{5A57E424-DC02-4C07-9EC2-14AF0AE9D325}.Release|x64.ActiveCfg = Release|Any CPU
		{5A57E424-DC02-4C07-9EC2-14AF0AE9D325}.Release|x64.Build.0 = Release|Any CPU
		{5A57E424-DC02-4C07-9EC2-14AF0AE9D325}.Release|x86.ActiveCfg = Release|Any CPU
		{5A57E424-DC02-4C07-9EC2-14AF0AE9D325}.Release|x86.Build.0 = Release|Any CPU
	EndGlobalSection
	GlobalSection(SolutionProperties) = preSolution
		HideSolutionNode = FALSE
	EndGlobalSection
	GlobalSection(NestedProjects) = preSolution
		{EB40F4E6-81B2-4D66-AFA8-E905EE8669D4} = {1E470F81-0880-4B46-BC29-5DD57525FB45}
		{D8122E86-A08F-4937-B049-984ADA979BA9} = {1E470F81-0880-4B46-BC29-5DD57525FB45}
		{52743899-C3CB-422B-B69A-4FD9F6D1E7F4} = {4426D318-AD3A-4F52-87BF-2401C9D727D7}
		{A23AAC97-A35E-4510-92DA-FAD5F296004E} = {4426D318-AD3A-4F52-87BF-2401C9D727D7}
		{415FC5CE-9A7B-44E0-BA7C-120A8AD48C55} = {1133FA4C-79BC-415D-B185-015655932171}
		{84E40D81-5B23-45D0-ADC4-DA95D30D52E3} = {1133FA4C-79BC-415D-B185-015655932171}
		{DBDFE2C7-59F7-4824-8768-7F204DB14046} = {1133FA4C-79BC-415D-B185-015655932171}
		{C14F45A2-FDCA-4704-9365-CF66B868DDAA} = {9B0F83E1-3F35-4C83-88F4-7F823146F4E7}
		{7EA2A36F-45CE-470E-968A-C168E340C83D} = {9B0F83E1-3F35-4C83-88F4-7F823146F4E7}
		{EFBD27CC-14AC-4449-B947-D22B7FE5D4F9} = {0A207DD1-CD32-4A18-BB83-0E196F189054}
		{F90768B5-8AC3-4088-90D4-1E24E1E460F9} = {0A207DD1-CD32-4A18-BB83-0E196F189054}
		{88A8927E-E470-481E-909C-14D064552BC3} = {4CBD41B4-14FE-4119-86D3-0612BB32A856}
		{5A57E424-DC02-4C07-9EC2-14AF0AE9D325} = {4CBD41B4-14FE-4119-86D3-0612BB32A856}
	EndGlobalSection
EndGlobal
