
Microsoft Visual Studio Solution File, Format Version 12.00
# Visual Studio 14
VisualStudioVersion = 14.0.25123.0
MinimumVisualStudioVersion = 10.0.40219.1
Project("{2150E333-8FDC-42A3-9474-1A3956D46DE8}") = "Task56", "Task56", "{B297A461-22CC-4A06-9C7F-A85696AB1AD5}"
EndProject
Project("{FAE04EC0-301F-11D3-BF4B-00C04F79EFBC}") = "Task56", "Task56\Task56.csproj", "{6285F626-9443-409B-8AA9-0F166D396326}"
EndProject
Project("{FAE04EC0-301F-11D3-BF4B-00C04F79EFBC}") = "Task56Tests", "Task56Tests\Task56Tests.csproj", "{79D9C97C-8A9B-4F8B-A32E-9C98CA20F986}"
EndProject
Project("{FAE04EC0-301F-11D3-BF4B-00C04F79EFBC}") = "BaseTests", "BaseTests\BaseTests.csproj", "{4B3179FF-C7F4-4FD7-B47E-9E9A43445A7F}"
EndProject
Project("{2150E333-8FDC-42A3-9474-1A3956D46DE8}") = "Task57", "Task57", "{C4574584-0A1C-4636-BB71-EACCD27C8E75}"
EndProject
Project("{FAE04EC0-301F-11D3-BF4B-00C04F79EFBC}") = "Task57", "Task57\Task57.csproj", "{8F4248B4-CE24-4EA0-822D-A254DA3D625F}"
EndProject
Project("{FAE04EC0-301F-11D3-BF4B-00C04F79EFBC}") = "Task57Tests", "Task57Tests\Task57Tests.csproj", "{FE3CC4E9-9E8D-484C-9CD3-D8D908785953}"
EndProject
Project("{2150E333-8FDC-42A3-9474-1A3956D46DE8}") = "Task58", "Task58", "{DF6C1875-F423-4E55-BD90-0833FE10C271}"
EndProject
Project("{FAE04EC0-301F-11D3-BF4B-00C04F79EFBC}") = "Task58", "Task58\Task58.csproj", "{3BAAB897-4D03-4359-81AF-1DF122B65C93}"
EndProject
Project("{FAE04EC0-301F-11D3-BF4B-00C04F79EFBC}") = "Task58Tests", "Task58Tests\Task58Tests.csproj", "{4BBD0A05-187B-437D-B92A-DEAD52B6C6B2}"
EndProject
Project("{2150E333-8FDC-42A3-9474-1A3956D46DE8}") = "Task59", "Task59", "{73331CCE-0BF8-4E36-AEEC-CFD6AAFF3BFD}"
EndProject
Project("{FAE04EC0-301F-11D3-BF4B-00C04F79EFBC}") = "Task59", "Task59\Task59.csproj", "{6A75642B-3196-4C68-BD41-9A7D43E53D5A}"
EndProject
Project("{FAE04EC0-301F-11D3-BF4B-00C04F79EFBC}") = "Task59Tests", "Task59Tests\Task59Tests.csproj", "{C2A47410-178F-43B1-8289-041FF80ABE81}"
EndProject
Project("{2150E333-8FDC-42A3-9474-1A3956D46DE8}") = "Task60", "Task60", "{783142DB-987D-455E-BC0E-AD39698FC565}"
EndProject
Project("{FAE04EC0-301F-11D3-BF4B-00C04F79EFBC}") = "Task60", "Task60\Task60.csproj", "{D0FEBE7E-DEBC-4678-9F44-CBC73DDFA0E1}"
EndProject
Project("{FAE04EC0-301F-11D3-BF4B-00C04F79EFBC}") = "Task60Tests", "Task60Tests\Task60Tests.csproj", "{79456129-377D-4D79-AA74-9D10E5D57DFD}"
EndProject
Project("{2150E333-8FDC-42A3-9474-1A3956D46DE8}") = "Task61", "Task61", "{D0743354-DB2A-47F8-88CE-12C5C54E431D}"
EndProject
Project("{FAE04EC0-301F-11D3-BF4B-00C04F79EFBC}") = "Task61", "Task61\Task61.csproj", "{A726007A-76B9-4DA8-ADC7-D33FA2AFBA68}"
EndProject
Project("{FAE04EC0-301F-11D3-BF4B-00C04F79EFBC}") = "Task61Tests", "Task61Tests\Task61Tests.csproj", "{B0AA6BCA-E115-4789-9DC6-D56247A5E918}"
EndProject
Project("{2150E333-8FDC-42A3-9474-1A3956D46DE8}") = "Task62", "Task62", "{5FB6CAF3-5835-4608-BACA-28A000AAB972}"
EndProject
Project("{FAE04EC0-301F-11D3-BF4B-00C04F79EFBC}") = "Task62", "Task62\Task62.csproj", "{0EC56596-3245-4F09-BBCE-12CD0033B0C2}"
EndProject
Project("{FAE04EC0-301F-11D3-BF4B-00C04F79EFBC}") = "Task62Tests", "Task62Tests\Task62Tests.csproj", "{025FA929-5F54-46EB-A488-92038580A8CF}"
EndProject
Project("{2150E333-8FDC-42A3-9474-1A3956D46DE8}") = "Task63", "Task63", "{39378D9B-7F06-4206-9E5A-7AED9A7CD4F5}"
EndProject
Project("{FAE04EC0-301F-11D3-BF4B-00C04F79EFBC}") = "Task63", "Task63\Task63.csproj", "{63920C0A-8B8C-44DC-A20D-418DA6A1A005}"
EndProject
Project("{FAE04EC0-301F-11D3-BF4B-00C04F79EFBC}") = "Task63Tests", "Task63Tests\Task63Tests.csproj", "{A83B4260-47CA-4ECC-B626-75B7075E4D4F}"
EndProject
Project("{2150E333-8FDC-42A3-9474-1A3956D46DE8}") = "Task64", "Task64", "{D4C2CE0D-954F-4739-9376-1B0BBC442D59}"
EndProject
Project("{FAE04EC0-301F-11D3-BF4B-00C04F79EFBC}") = "Task64", "Task64\Task64.csproj", "{23146614-FE63-40B6-A02B-5E3B280A3E96}"
EndProject
Project("{FAE04EC0-301F-11D3-BF4B-00C04F79EFBC}") = "Task64Tests", "Task64Tests\Task64Tests.csproj", "{1AF3D149-BC19-4A69-A2AB-02ABFFB37AB8}"
EndProject
Project("{2150E333-8FDC-42A3-9474-1A3956D46DE8}") = "Task65", "Task65", "{7AE5EF0B-8CCE-4B3D-A3AB-89EAA7750035}"
EndProject
Project("{FAE04EC0-301F-11D3-BF4B-00C04F79EFBC}") = "Task65", "Task65\Task65.csproj", "{75265FE2-00C2-4A33-B556-E7A76328423F}"
EndProject
Project("{FAE04EC0-301F-11D3-BF4B-00C04F79EFBC}") = "Task65Tests", "Task65Tests\Task65Tests.csproj", "{3B7BAA9A-E5A7-4FF8-A871-49DC5B97D8AE}"
EndProject
Project("{2150E333-8FDC-42A3-9474-1A3956D46DE8}") = "Task66", "Task66", "{AF13B215-FC20-4413-9BA8-C8E0BFD200B9}"
EndProject
Project("{FAE04EC0-301F-11D3-BF4B-00C04F79EFBC}") = "Task66", "Task66\Task66.csproj", "{F50B3DEA-FF76-4C74-B7BF-4FAF974DFB4E}"
EndProject
Project("{FAE04EC0-301F-11D3-BF4B-00C04F79EFBC}") = "Task66Tests", "Task66Tests\Task66Tests.csproj", "{ACE83BF0-EB9A-4C64-BD33-B1A009BAD5D9}"
EndProject
Project("{2150E333-8FDC-42A3-9474-1A3956D46DE8}") = "Task67", "Task67", "{08877AC3-C348-44B3-8FD6-C510B6F3EEEC}"
EndProject
Project("{FAE04EC0-301F-11D3-BF4B-00C04F79EFBC}") = "Task67", "Task67\Task67.csproj", "{70805CE5-50DB-4CC1-A560-729BFBB65A23}"
EndProject
Project("{FAE04EC0-301F-11D3-BF4B-00C04F79EFBC}") = "Task67Tests", "Task67Tests\Task67Tests.csproj", "{9CAEC68B-3EA5-44A2-8064-5F680A47884C}"
EndProject
Project("{2150E333-8FDC-42A3-9474-1A3956D46DE8}") = "Task68", "Task68", "{04136099-3AF7-4C79-9F95-5917963B3CEE}"
EndProject
Project("{FAE04EC0-301F-11D3-BF4B-00C04F79EFBC}") = "Task68", "Task68\Task68.csproj", "{C74B7843-8748-4042-B04E-AE26B248C745}"
EndProject
Project("{FAE04EC0-301F-11D3-BF4B-00C04F79EFBC}") = "Task68Tests", "Task68Tests\Task68Tests.csproj", "{C1D3F0A9-95FB-4B7F-9632-E0D806EC0DE2}"
EndProject
Project("{2150E333-8FDC-42A3-9474-1A3956D46DE8}") = "Task69", "Task69", "{0FF8738F-34B7-49D9-9DEC-DBF46DE4AD72}"
EndProject
Project("{FAE04EC0-301F-11D3-BF4B-00C04F79EFBC}") = "Task69", "Task69\Task69.csproj", "{5A9BDC0A-E353-487B-B37B-9AD64F260476}"
EndProject
Project("{FAE04EC0-301F-11D3-BF4B-00C04F79EFBC}") = "Task69Tests", "Task69Tests\Task69Tests.csproj", "{C4971F84-1BD0-4FDF-BA7B-ED3343941C11}"
EndProject
Project("{2150E333-8FDC-42A3-9474-1A3956D46DE8}") = "Task70", "Task70", "{2E2CCD6F-D341-44FA-9945-1293D51209D0}"
EndProject
Project("{FAE04EC0-301F-11D3-BF4B-00C04F79EFBC}") = "Task70", "Task70\Task70.csproj", "{4CC63136-1BC5-414C-B3D8-61A3FD0CA5CE}"
EndProject
Project("{FAE04EC0-301F-11D3-BF4B-00C04F79EFBC}") = "Task70Tests", "Task70Tests\Task70Tests.csproj", "{5DB6C633-686A-48B7-BA8B-F8516420E25A}"
EndProject
Project("{2150E333-8FDC-42A3-9474-1A3956D46DE8}") = "Task71", "Task71", "{D01C9541-07F4-425C-911E-D1E5185D37E1}"
EndProject
Project("{FAE04EC0-301F-11D3-BF4B-00C04F79EFBC}") = "Task71", "Task71\Task71.csproj", "{9CC5A1E2-9E63-47DC-A8C6-93551804B5EB}"
EndProject
Project("{FAE04EC0-301F-11D3-BF4B-00C04F79EFBC}") = "Task71Tests", "Task71Tests\Task71Tests.csproj", "{B010D884-6CDB-40AD-92B5-B8B009863A40}"
EndProject
Global
	GlobalSection(SolutionConfigurationPlatforms) = preSolution
		Debug|Any CPU = Debug|Any CPU
		Release|Any CPU = Release|Any CPU
	EndGlobalSection
	GlobalSection(ProjectConfigurationPlatforms) = postSolution
		{6285F626-9443-409B-8AA9-0F166D396326}.Debug|Any CPU.ActiveCfg = Debug|Any CPU
		{6285F626-9443-409B-8AA9-0F166D396326}.Debug|Any CPU.Build.0 = Debug|Any CPU
		{6285F626-9443-409B-8AA9-0F166D396326}.Release|Any CPU.ActiveCfg = Release|Any CPU
		{6285F626-9443-409B-8AA9-0F166D396326}.Release|Any CPU.Build.0 = Release|Any CPU
		{79D9C97C-8A9B-4F8B-A32E-9C98CA20F986}.Debug|Any CPU.ActiveCfg = Debug|Any CPU
		{79D9C97C-8A9B-4F8B-A32E-9C98CA20F986}.Debug|Any CPU.Build.0 = Debug|Any CPU
		{79D9C97C-8A9B-4F8B-A32E-9C98CA20F986}.Release|Any CPU.ActiveCfg = Release|Any CPU
		{79D9C97C-8A9B-4F8B-A32E-9C98CA20F986}.Release|Any CPU.Build.0 = Release|Any CPU
		{4B3179FF-C7F4-4FD7-B47E-9E9A43445A7F}.Debug|Any CPU.ActiveCfg = Debug|Any CPU
		{4B3179FF-C7F4-4FD7-B47E-9E9A43445A7F}.Debug|Any CPU.Build.0 = Debug|Any CPU
		{4B3179FF-C7F4-4FD7-B47E-9E9A43445A7F}.Release|Any CPU.ActiveCfg = Release|Any CPU
		{4B3179FF-C7F4-4FD7-B47E-9E9A43445A7F}.Release|Any CPU.Build.0 = Release|Any CPU
		{8F4248B4-CE24-4EA0-822D-A254DA3D625F}.Debug|Any CPU.ActiveCfg = Debug|Any CPU
		{8F4248B4-CE24-4EA0-822D-A254DA3D625F}.Debug|Any CPU.Build.0 = Debug|Any CPU
		{8F4248B4-CE24-4EA0-822D-A254DA3D625F}.Release|Any CPU.ActiveCfg = Release|Any CPU
		{8F4248B4-CE24-4EA0-822D-A254DA3D625F}.Release|Any CPU.Build.0 = Release|Any CPU
		{FE3CC4E9-9E8D-484C-9CD3-D8D908785953}.Debug|Any CPU.ActiveCfg = Debug|Any CPU
		{FE3CC4E9-9E8D-484C-9CD3-D8D908785953}.Debug|Any CPU.Build.0 = Debug|Any CPU
		{FE3CC4E9-9E8D-484C-9CD3-D8D908785953}.Release|Any CPU.ActiveCfg = Release|Any CPU
		{FE3CC4E9-9E8D-484C-9CD3-D8D908785953}.Release|Any CPU.Build.0 = Release|Any CPU
		{3BAAB897-4D03-4359-81AF-1DF122B65C93}.Debug|Any CPU.ActiveCfg = Debug|Any CPU
		{3BAAB897-4D03-4359-81AF-1DF122B65C93}.Debug|Any CPU.Build.0 = Debug|Any CPU
		{3BAAB897-4D03-4359-81AF-1DF122B65C93}.Release|Any CPU.ActiveCfg = Release|Any CPU
		{3BAAB897-4D03-4359-81AF-1DF122B65C93}.Release|Any CPU.Build.0 = Release|Any CPU
		{4BBD0A05-187B-437D-B92A-DEAD52B6C6B2}.Debug|Any CPU.ActiveCfg = Debug|Any CPU
		{4BBD0A05-187B-437D-B92A-DEAD52B6C6B2}.Debug|Any CPU.Build.0 = Debug|Any CPU
		{4BBD0A05-187B-437D-B92A-DEAD52B6C6B2}.Release|Any CPU.ActiveCfg = Release|Any CPU
		{4BBD0A05-187B-437D-B92A-DEAD52B6C6B2}.Release|Any CPU.Build.0 = Release|Any CPU
		{6A75642B-3196-4C68-BD41-9A7D43E53D5A}.Debug|Any CPU.ActiveCfg = Debug|Any CPU
		{6A75642B-3196-4C68-BD41-9A7D43E53D5A}.Debug|Any CPU.Build.0 = Debug|Any CPU
		{6A75642B-3196-4C68-BD41-9A7D43E53D5A}.Release|Any CPU.ActiveCfg = Release|Any CPU
		{6A75642B-3196-4C68-BD41-9A7D43E53D5A}.Release|Any CPU.Build.0 = Release|Any CPU
		{C2A47410-178F-43B1-8289-041FF80ABE81}.Debug|Any CPU.ActiveCfg = Debug|Any CPU
		{C2A47410-178F-43B1-8289-041FF80ABE81}.Debug|Any CPU.Build.0 = Debug|Any CPU
		{C2A47410-178F-43B1-8289-041FF80ABE81}.Release|Any CPU.ActiveCfg = Release|Any CPU
		{C2A47410-178F-43B1-8289-041FF80ABE81}.Release|Any CPU.Build.0 = Release|Any CPU
		{D0FEBE7E-DEBC-4678-9F44-CBC73DDFA0E1}.Debug|Any CPU.ActiveCfg = Debug|Any CPU
		{D0FEBE7E-DEBC-4678-9F44-CBC73DDFA0E1}.Debug|Any CPU.Build.0 = Debug|Any CPU
		{D0FEBE7E-DEBC-4678-9F44-CBC73DDFA0E1}.Release|Any CPU.ActiveCfg = Release|Any CPU
		{D0FEBE7E-DEBC-4678-9F44-CBC73DDFA0E1}.Release|Any CPU.Build.0 = Release|Any CPU
		{79456129-377D-4D79-AA74-9D10E5D57DFD}.Debug|Any CPU.ActiveCfg = Debug|Any CPU
		{79456129-377D-4D79-AA74-9D10E5D57DFD}.Debug|Any CPU.Build.0 = Debug|Any CPU
		{79456129-377D-4D79-AA74-9D10E5D57DFD}.Release|Any CPU.ActiveCfg = Release|Any CPU
		{79456129-377D-4D79-AA74-9D10E5D57DFD}.Release|Any CPU.Build.0 = Release|Any CPU
		{A726007A-76B9-4DA8-ADC7-D33FA2AFBA68}.Debug|Any CPU.ActiveCfg = Debug|Any CPU
		{A726007A-76B9-4DA8-ADC7-D33FA2AFBA68}.Debug|Any CPU.Build.0 = Debug|Any CPU
		{A726007A-76B9-4DA8-ADC7-D33FA2AFBA68}.Release|Any CPU.ActiveCfg = Release|Any CPU
		{A726007A-76B9-4DA8-ADC7-D33FA2AFBA68}.Release|Any CPU.Build.0 = Release|Any CPU
		{B0AA6BCA-E115-4789-9DC6-D56247A5E918}.Debug|Any CPU.ActiveCfg = Debug|Any CPU
		{B0AA6BCA-E115-4789-9DC6-D56247A5E918}.Debug|Any CPU.Build.0 = Debug|Any CPU
		{B0AA6BCA-E115-4789-9DC6-D56247A5E918}.Release|Any CPU.ActiveCfg = Release|Any CPU
		{B0AA6BCA-E115-4789-9DC6-D56247A5E918}.Release|Any CPU.Build.0 = Release|Any CPU
		{0EC56596-3245-4F09-BBCE-12CD0033B0C2}.Debug|Any CPU.ActiveCfg = Debug|Any CPU
		{0EC56596-3245-4F09-BBCE-12CD0033B0C2}.Debug|Any CPU.Build.0 = Debug|Any CPU
		{0EC56596-3245-4F09-BBCE-12CD0033B0C2}.Release|Any CPU.ActiveCfg = Release|Any CPU
		{0EC56596-3245-4F09-BBCE-12CD0033B0C2}.Release|Any CPU.Build.0 = Release|Any CPU
		{025FA929-5F54-46EB-A488-92038580A8CF}.Debug|Any CPU.ActiveCfg = Debug|Any CPU
		{025FA929-5F54-46EB-A488-92038580A8CF}.Debug|Any CPU.Build.0 = Debug|Any CPU
		{025FA929-5F54-46EB-A488-92038580A8CF}.Release|Any CPU.ActiveCfg = Release|Any CPU
		{025FA929-5F54-46EB-A488-92038580A8CF}.Release|Any CPU.Build.0 = Release|Any CPU
		{63920C0A-8B8C-44DC-A20D-418DA6A1A005}.Debug|Any CPU.ActiveCfg = Debug|Any CPU
		{63920C0A-8B8C-44DC-A20D-418DA6A1A005}.Debug|Any CPU.Build.0 = Debug|Any CPU
		{63920C0A-8B8C-44DC-A20D-418DA6A1A005}.Release|Any CPU.ActiveCfg = Release|Any CPU
		{63920C0A-8B8C-44DC-A20D-418DA6A1A005}.Release|Any CPU.Build.0 = Release|Any CPU
		{A83B4260-47CA-4ECC-B626-75B7075E4D4F}.Debug|Any CPU.ActiveCfg = Debug|Any CPU
		{A83B4260-47CA-4ECC-B626-75B7075E4D4F}.Debug|Any CPU.Build.0 = Debug|Any CPU
		{A83B4260-47CA-4ECC-B626-75B7075E4D4F}.Release|Any CPU.ActiveCfg = Release|Any CPU
		{A83B4260-47CA-4ECC-B626-75B7075E4D4F}.Release|Any CPU.Build.0 = Release|Any CPU
		{23146614-FE63-40B6-A02B-5E3B280A3E96}.Debug|Any CPU.ActiveCfg = Debug|Any CPU
		{23146614-FE63-40B6-A02B-5E3B280A3E96}.Debug|Any CPU.Build.0 = Debug|Any CPU
		{23146614-FE63-40B6-A02B-5E3B280A3E96}.Release|Any CPU.ActiveCfg = Release|Any CPU
		{23146614-FE63-40B6-A02B-5E3B280A3E96}.Release|Any CPU.Build.0 = Release|Any CPU
		{1AF3D149-BC19-4A69-A2AB-02ABFFB37AB8}.Debug|Any CPU.ActiveCfg = Debug|Any CPU
		{1AF3D149-BC19-4A69-A2AB-02ABFFB37AB8}.Debug|Any CPU.Build.0 = Debug|Any CPU
		{1AF3D149-BC19-4A69-A2AB-02ABFFB37AB8}.Release|Any CPU.ActiveCfg = Release|Any CPU
		{1AF3D149-BC19-4A69-A2AB-02ABFFB37AB8}.Release|Any CPU.Build.0 = Release|Any CPU
		{75265FE2-00C2-4A33-B556-E7A76328423F}.Debug|Any CPU.ActiveCfg = Debug|Any CPU
		{75265FE2-00C2-4A33-B556-E7A76328423F}.Debug|Any CPU.Build.0 = Debug|Any CPU
		{75265FE2-00C2-4A33-B556-E7A76328423F}.Release|Any CPU.ActiveCfg = Release|Any CPU
		{75265FE2-00C2-4A33-B556-E7A76328423F}.Release|Any CPU.Build.0 = Release|Any CPU
		{3B7BAA9A-E5A7-4FF8-A871-49DC5B97D8AE}.Debug|Any CPU.ActiveCfg = Debug|Any CPU
		{3B7BAA9A-E5A7-4FF8-A871-49DC5B97D8AE}.Debug|Any CPU.Build.0 = Debug|Any CPU
		{3B7BAA9A-E5A7-4FF8-A871-49DC5B97D8AE}.Release|Any CPU.ActiveCfg = Release|Any CPU
		{3B7BAA9A-E5A7-4FF8-A871-49DC5B97D8AE}.Release|Any CPU.Build.0 = Release|Any CPU
		{F50B3DEA-FF76-4C74-B7BF-4FAF974DFB4E}.Debug|Any CPU.ActiveCfg = Debug|Any CPU
		{F50B3DEA-FF76-4C74-B7BF-4FAF974DFB4E}.Debug|Any CPU.Build.0 = Debug|Any CPU
		{F50B3DEA-FF76-4C74-B7BF-4FAF974DFB4E}.Release|Any CPU.ActiveCfg = Release|Any CPU
		{F50B3DEA-FF76-4C74-B7BF-4FAF974DFB4E}.Release|Any CPU.Build.0 = Release|Any CPU
		{ACE83BF0-EB9A-4C64-BD33-B1A009BAD5D9}.Debug|Any CPU.ActiveCfg = Debug|Any CPU
		{ACE83BF0-EB9A-4C64-BD33-B1A009BAD5D9}.Debug|Any CPU.Build.0 = Debug|Any CPU
		{ACE83BF0-EB9A-4C64-BD33-B1A009BAD5D9}.Release|Any CPU.ActiveCfg = Release|Any CPU
		{ACE83BF0-EB9A-4C64-BD33-B1A009BAD5D9}.Release|Any CPU.Build.0 = Release|Any CPU
		{70805CE5-50DB-4CC1-A560-729BFBB65A23}.Debug|Any CPU.ActiveCfg = Debug|Any CPU
		{70805CE5-50DB-4CC1-A560-729BFBB65A23}.Debug|Any CPU.Build.0 = Debug|Any CPU
		{70805CE5-50DB-4CC1-A560-729BFBB65A23}.Release|Any CPU.ActiveCfg = Release|Any CPU
		{70805CE5-50DB-4CC1-A560-729BFBB65A23}.Release|Any CPU.Build.0 = Release|Any CPU
		{9CAEC68B-3EA5-44A2-8064-5F680A47884C}.Debug|Any CPU.ActiveCfg = Debug|Any CPU
		{9CAEC68B-3EA5-44A2-8064-5F680A47884C}.Debug|Any CPU.Build.0 = Debug|Any CPU
		{9CAEC68B-3EA5-44A2-8064-5F680A47884C}.Release|Any CPU.ActiveCfg = Release|Any CPU
		{9CAEC68B-3EA5-44A2-8064-5F680A47884C}.Release|Any CPU.Build.0 = Release|Any CPU
		{C74B7843-8748-4042-B04E-AE26B248C745}.Debug|Any CPU.ActiveCfg = Debug|Any CPU
		{C74B7843-8748-4042-B04E-AE26B248C745}.Debug|Any CPU.Build.0 = Debug|Any CPU
		{C74B7843-8748-4042-B04E-AE26B248C745}.Release|Any CPU.ActiveCfg = Release|Any CPU
		{C74B7843-8748-4042-B04E-AE26B248C745}.Release|Any CPU.Build.0 = Release|Any CPU
		{C1D3F0A9-95FB-4B7F-9632-E0D806EC0DE2}.Debug|Any CPU.ActiveCfg = Debug|Any CPU
		{C1D3F0A9-95FB-4B7F-9632-E0D806EC0DE2}.Debug|Any CPU.Build.0 = Debug|Any CPU
		{C1D3F0A9-95FB-4B7F-9632-E0D806EC0DE2}.Release|Any CPU.ActiveCfg = Release|Any CPU
		{C1D3F0A9-95FB-4B7F-9632-E0D806EC0DE2}.Release|Any CPU.Build.0 = Release|Any CPU
		{5A9BDC0A-E353-487B-B37B-9AD64F260476}.Debug|Any CPU.ActiveCfg = Debug|Any CPU
		{5A9BDC0A-E353-487B-B37B-9AD64F260476}.Debug|Any CPU.Build.0 = Debug|Any CPU
		{5A9BDC0A-E353-487B-B37B-9AD64F260476}.Release|Any CPU.ActiveCfg = Release|Any CPU
		{5A9BDC0A-E353-487B-B37B-9AD64F260476}.Release|Any CPU.Build.0 = Release|Any CPU
		{C4971F84-1BD0-4FDF-BA7B-ED3343941C11}.Debug|Any CPU.ActiveCfg = Debug|Any CPU
		{C4971F84-1BD0-4FDF-BA7B-ED3343941C11}.Debug|Any CPU.Build.0 = Debug|Any CPU
		{C4971F84-1BD0-4FDF-BA7B-ED3343941C11}.Release|Any CPU.ActiveCfg = Release|Any CPU
		{C4971F84-1BD0-4FDF-BA7B-ED3343941C11}.Release|Any CPU.Build.0 = Release|Any CPU
		{4CC63136-1BC5-414C-B3D8-61A3FD0CA5CE}.Debug|Any CPU.ActiveCfg = Debug|Any CPU
		{4CC63136-1BC5-414C-B3D8-61A3FD0CA5CE}.Debug|Any CPU.Build.0 = Debug|Any CPU
		{4CC63136-1BC5-414C-B3D8-61A3FD0CA5CE}.Release|Any CPU.ActiveCfg = Release|Any CPU
		{4CC63136-1BC5-414C-B3D8-61A3FD0CA5CE}.Release|Any CPU.Build.0 = Release|Any CPU
		{5DB6C633-686A-48B7-BA8B-F8516420E25A}.Debug|Any CPU.ActiveCfg = Debug|Any CPU
		{5DB6C633-686A-48B7-BA8B-F8516420E25A}.Debug|Any CPU.Build.0 = Debug|Any CPU
		{5DB6C633-686A-48B7-BA8B-F8516420E25A}.Release|Any CPU.ActiveCfg = Release|Any CPU
		{5DB6C633-686A-48B7-BA8B-F8516420E25A}.Release|Any CPU.Build.0 = Release|Any CPU
		{9CC5A1E2-9E63-47DC-A8C6-93551804B5EB}.Debug|Any CPU.ActiveCfg = Debug|Any CPU
		{9CC5A1E2-9E63-47DC-A8C6-93551804B5EB}.Debug|Any CPU.Build.0 = Debug|Any CPU
		{9CC5A1E2-9E63-47DC-A8C6-93551804B5EB}.Release|Any CPU.ActiveCfg = Release|Any CPU
		{9CC5A1E2-9E63-47DC-A8C6-93551804B5EB}.Release|Any CPU.Build.0 = Release|Any CPU
		{B010D884-6CDB-40AD-92B5-B8B009863A40}.Debug|Any CPU.ActiveCfg = Debug|Any CPU
		{B010D884-6CDB-40AD-92B5-B8B009863A40}.Debug|Any CPU.Build.0 = Debug|Any CPU
		{B010D884-6CDB-40AD-92B5-B8B009863A40}.Release|Any CPU.ActiveCfg = Release|Any CPU
		{B010D884-6CDB-40AD-92B5-B8B009863A40}.Release|Any CPU.Build.0 = Release|Any CPU
	EndGlobalSection
	GlobalSection(SolutionProperties) = preSolution
		HideSolutionNode = FALSE
	EndGlobalSection
	GlobalSection(NestedProjects) = preSolution
		{6285F626-9443-409B-8AA9-0F166D396326} = {B297A461-22CC-4A06-9C7F-A85696AB1AD5}
		{79D9C97C-8A9B-4F8B-A32E-9C98CA20F986} = {B297A461-22CC-4A06-9C7F-A85696AB1AD5}
		{8F4248B4-CE24-4EA0-822D-A254DA3D625F} = {C4574584-0A1C-4636-BB71-EACCD27C8E75}
		{FE3CC4E9-9E8D-484C-9CD3-D8D908785953} = {C4574584-0A1C-4636-BB71-EACCD27C8E75}
		{3BAAB897-4D03-4359-81AF-1DF122B65C93} = {DF6C1875-F423-4E55-BD90-0833FE10C271}
		{4BBD0A05-187B-437D-B92A-DEAD52B6C6B2} = {DF6C1875-F423-4E55-BD90-0833FE10C271}
		{6A75642B-3196-4C68-BD41-9A7D43E53D5A} = {73331CCE-0BF8-4E36-AEEC-CFD6AAFF3BFD}
		{C2A47410-178F-43B1-8289-041FF80ABE81} = {73331CCE-0BF8-4E36-AEEC-CFD6AAFF3BFD}
		{D0FEBE7E-DEBC-4678-9F44-CBC73DDFA0E1} = {783142DB-987D-455E-BC0E-AD39698FC565}
		{79456129-377D-4D79-AA74-9D10E5D57DFD} = {783142DB-987D-455E-BC0E-AD39698FC565}
		{A726007A-76B9-4DA8-ADC7-D33FA2AFBA68} = {D0743354-DB2A-47F8-88CE-12C5C54E431D}
		{B0AA6BCA-E115-4789-9DC6-D56247A5E918} = {D0743354-DB2A-47F8-88CE-12C5C54E431D}
		{0EC56596-3245-4F09-BBCE-12CD0033B0C2} = {5FB6CAF3-5835-4608-BACA-28A000AAB972}
		{025FA929-5F54-46EB-A488-92038580A8CF} = {5FB6CAF3-5835-4608-BACA-28A000AAB972}
		{63920C0A-8B8C-44DC-A20D-418DA6A1A005} = {39378D9B-7F06-4206-9E5A-7AED9A7CD4F5}
		{A83B4260-47CA-4ECC-B626-75B7075E4D4F} = {39378D9B-7F06-4206-9E5A-7AED9A7CD4F5}
		{23146614-FE63-40B6-A02B-5E3B280A3E96} = {D4C2CE0D-954F-4739-9376-1B0BBC442D59}
		{1AF3D149-BC19-4A69-A2AB-02ABFFB37AB8} = {D4C2CE0D-954F-4739-9376-1B0BBC442D59}
		{75265FE2-00C2-4A33-B556-E7A76328423F} = {7AE5EF0B-8CCE-4B3D-A3AB-89EAA7750035}
		{3B7BAA9A-E5A7-4FF8-A871-49DC5B97D8AE} = {7AE5EF0B-8CCE-4B3D-A3AB-89EAA7750035}
		{F50B3DEA-FF76-4C74-B7BF-4FAF974DFB4E} = {AF13B215-FC20-4413-9BA8-C8E0BFD200B9}
		{ACE83BF0-EB9A-4C64-BD33-B1A009BAD5D9} = {AF13B215-FC20-4413-9BA8-C8E0BFD200B9}
		{70805CE5-50DB-4CC1-A560-729BFBB65A23} = {08877AC3-C348-44B3-8FD6-C510B6F3EEEC}
		{9CAEC68B-3EA5-44A2-8064-5F680A47884C} = {08877AC3-C348-44B3-8FD6-C510B6F3EEEC}
		{C74B7843-8748-4042-B04E-AE26B248C745} = {04136099-3AF7-4C79-9F95-5917963B3CEE}
		{C1D3F0A9-95FB-4B7F-9632-E0D806EC0DE2} = {04136099-3AF7-4C79-9F95-5917963B3CEE}
		{5A9BDC0A-E353-487B-B37B-9AD64F260476} = {0FF8738F-34B7-49D9-9DEC-DBF46DE4AD72}
		{C4971F84-1BD0-4FDF-BA7B-ED3343941C11} = {0FF8738F-34B7-49D9-9DEC-DBF46DE4AD72}
		{4CC63136-1BC5-414C-B3D8-61A3FD0CA5CE} = {2E2CCD6F-D341-44FA-9945-1293D51209D0}
		{5DB6C633-686A-48B7-BA8B-F8516420E25A} = {2E2CCD6F-D341-44FA-9945-1293D51209D0}
		{9CC5A1E2-9E63-47DC-A8C6-93551804B5EB} = {D01C9541-07F4-425C-911E-D1E5185D37E1}
		{B010D884-6CDB-40AD-92B5-B8B009863A40} = {D01C9541-07F4-425C-911E-D1E5185D37E1}
	EndGlobalSection
EndGlobal
