
Microsoft Visual Studio Solution File, Format Version 12.00
# Visual Studio 15
VisualStudioVersion = 15.0.26730.15
MinimumVisualStudioVersion = 10.0.40219.1
Project("{FAE04EC0-301F-11D3-BF4B-00C04F79EFBC}") = "ConverterTests", "ConverterTests\ConverterTests.csproj", "{A9F6AD6A-30F9-4BEE-A5FB-929D7257CF1F}"
EndProject
Project("{FAE04EC0-301F-11D3-BF4B-00C04F79EFBC}") = "Converter", "Converter\Converter.csproj", "{49185B67-93A0-4617-B39C-5B3845845F68}"
EndProject
Global
	GlobalSection(SolutionConfigurationPlatforms) = preSolution
		Debug|Any CPU = Debug|Any CPU
		Release|Any CPU = Release|Any CPU
	EndGlobalSection
	GlobalSection(ProjectConfigurationPlatforms) = postSolution
		{A9F6AD6A-30F9-4BEE-A5FB-929D7257CF1F}.Debug|Any CPU.ActiveCfg = Debug|Any CPU
		{A9F6AD6A-30F9-4BEE-A5FB-929D7257CF1F}.Debug|Any CPU.Build.0 = Debug|Any CPU
		{A9F6AD6A-30F9-4BEE-A5FB-929D7257CF1F}.Release|Any CPU.ActiveCfg = Release|Any CPU
		{A9F6AD6A-30F9-4BEE-A5FB-929D7257CF1F}.Release|Any CPU.Build.0 = Release|Any CPU
		{49185B67-93A0-4617-B39C-5B3845845F68}.Debug|Any CPU.ActiveCfg = Debug|Any CPU
		{49185B67-93A0-4617-B39C-5B3845845F68}.Debug|Any CPU.Build.0 = Debug|Any CPU
		{49185B67-93A0-4617-B39C-5B3845845F68}.Release|Any CPU.ActiveCfg = Release|Any CPU
		{49185B67-93A0-4617-B39C-5B3845845F68}.Release|Any CPU.Build.0 = Release|Any CPU
	EndGlobalSection
	GlobalSection(SolutionProperties) = preSolution
		HideSolutionNode = FALSE
	EndGlobalSection
	GlobalSection(ExtensibilityGlobals) = postSolution
		SolutionGuid = {A890457F-2C7F-493E-800E-83F582A67BB9}
	EndGlobalSection
EndGlobal
