
Microsoft Visual Studio Solution File, Format Version 12.00
# Visual Studio 15
VisualStudioVersion = 15.0.26430.14
MinimumVisualStudioVersion = 10.0.40219.1
Project("{2150E333-8FDC-42A3-9474-1A3956D46DE8}") = "Task1", "Task1", "{7FE4F31C-E38F-416F-AEC9-5DB909643B78}"
EndProject
Project("{FAE04EC0-301F-11D3-BF4B-00C04F79EFBC}") = "Task1", "Task1\Task1\Task1.csproj", "{EB40F4E6-81B2-4D66-AFA8-E905EE8669D4}"
EndProject
Project("{FAE04EC0-301F-11D3-BF4B-00C04F79EFBC}") = "Task1Tests", "Task1\Task1Tests\Task1Tests.csproj", "{D8122E86-A08F-4937-B049-984ADA979BA9}"
EndProject
Project("{2150E333-8FDC-42A3-9474-1A3956D46DE8}") = "Task2", "Task2", "{4E3A7F58-B81E-4437-931D-61D8A5DACF12}"
EndProject
Project("{FAE04EC0-301F-11D3-BF4B-00C04F79EFBC}") = "Task2", "Task2\Task2\Task2.csproj", "{6C198945-BD2B-4611-BCF0-862FD0635B40}"
EndProject
Project("{FAE04EC0-301F-11D3-BF4B-00C04F79EFBC}") = "Task2Tests", "Task2\Task2Tests\Task2Tests.csproj", "{BEF941F7-5329-4299-B153-0497FADA3556}"
EndProject
Project("{2150E333-8FDC-42A3-9474-1A3956D46DE8}") = "Task3", "Task3", "{F10FBB4F-6EC0-4662-A8A7-9D03C5F4BF2A}"
EndProject
Project("{FAE04EC0-301F-11D3-BF4B-00C04F79EFBC}") = "Task3", "Task3\Task3\Task3.csproj", "{822CE90A-C9CF-4B7B-B1C5-A14B14ADB044}"
EndProject
Project("{FAE04EC0-301F-11D3-BF4B-00C04F79EFBC}") = "Task3Tests", "Task3\Task3Tests\Task3Tests.csproj", "{DBF5726C-92EF-49B3-83E2-030A38977530}"
EndProject
Project("{2150E333-8FDC-42A3-9474-1A3956D46DE8}") = "Task4", "Task4", "{60924846-7523-4945-BDFA-474CAF01AD53}"
EndProject
Project("{FAE04EC0-301F-11D3-BF4B-00C04F79EFBC}") = "Task4Tests", "Task4Tests\Task4Tests.csproj", "{A1B7BCC5-EDB7-4F99-83C7-DC84352FD623}"
EndProject
Project("{FAE04EC0-301F-11D3-BF4B-00C04F79EFBC}") = "Task4", "Task4\Task4.csproj", "{78F58E6D-1528-4C99-AC5B-9A1AD8438DF2}"
EndProject
Global
	GlobalSection(SolutionConfigurationPlatforms) = preSolution
		Debug|Any CPU = Debug|Any CPU
		Release|Any CPU = Release|Any CPU
	EndGlobalSection
	GlobalSection(ProjectConfigurationPlatforms) = postSolution
		{EB40F4E6-81B2-4D66-AFA8-E905EE8669D4}.Debug|Any CPU.ActiveCfg = Debug|Any CPU
		{EB40F4E6-81B2-4D66-AFA8-E905EE8669D4}.Debug|Any CPU.Build.0 = Debug|Any CPU
		{EB40F4E6-81B2-4D66-AFA8-E905EE8669D4}.Release|Any CPU.ActiveCfg = Release|Any CPU
		{EB40F4E6-81B2-4D66-AFA8-E905EE8669D4}.Release|Any CPU.Build.0 = Release|Any CPU
		{D8122E86-A08F-4937-B049-984ADA979BA9}.Debug|Any CPU.ActiveCfg = Debug|Any CPU
		{D8122E86-A08F-4937-B049-984ADA979BA9}.Debug|Any CPU.Build.0 = Debug|Any CPU
		{D8122E86-A08F-4937-B049-984ADA979BA9}.Release|Any CPU.ActiveCfg = Release|Any CPU
		{D8122E86-A08F-4937-B049-984ADA979BA9}.Release|Any CPU.Build.0 = Release|Any CPU
		{6C198945-BD2B-4611-BCF0-862FD0635B40}.Debug|Any CPU.ActiveCfg = Debug|Any CPU
		{6C198945-BD2B-4611-BCF0-862FD0635B40}.Debug|Any CPU.Build.0 = Debug|Any CPU
		{6C198945-BD2B-4611-BCF0-862FD0635B40}.Release|Any CPU.ActiveCfg = Release|Any CPU
		{6C198945-BD2B-4611-BCF0-862FD0635B40}.Release|Any CPU.Build.0 = Release|Any CPU
		{BEF941F7-5329-4299-B153-0497FADA3556}.Debug|Any CPU.ActiveCfg = Debug|Any CPU
		{BEF941F7-5329-4299-B153-0497FADA3556}.Debug|Any CPU.Build.0 = Debug|Any CPU
		{BEF941F7-5329-4299-B153-0497FADA3556}.Release|Any CPU.ActiveCfg = Release|Any CPU
		{BEF941F7-5329-4299-B153-0497FADA3556}.Release|Any CPU.Build.0 = Release|Any CPU
		{822CE90A-C9CF-4B7B-B1C5-A14B14ADB044}.Debug|Any CPU.ActiveCfg = Debug|Any CPU
		{822CE90A-C9CF-4B7B-B1C5-A14B14ADB044}.Debug|Any CPU.Build.0 = Debug|Any CPU
		{822CE90A-C9CF-4B7B-B1C5-A14B14ADB044}.Release|Any CPU.ActiveCfg = Release|Any CPU
		{822CE90A-C9CF-4B7B-B1C5-A14B14ADB044}.Release|Any CPU.Build.0 = Release|Any CPU
		{DBF5726C-92EF-49B3-83E2-030A38977530}.Debug|Any CPU.ActiveCfg = Debug|Any CPU
		{DBF5726C-92EF-49B3-83E2-030A38977530}.Debug|Any CPU.Build.0 = Debug|Any CPU
		{DBF5726C-92EF-49B3-83E2-030A38977530}.Release|Any CPU.ActiveCfg = Release|Any CPU
		{DBF5726C-92EF-49B3-83E2-030A38977530}.Release|Any CPU.Build.0 = Release|Any CPU
		{A1B7BCC5-EDB7-4F99-83C7-DC84352FD623}.Debug|Any CPU.ActiveCfg = Debug|Any CPU
		{A1B7BCC5-EDB7-4F99-83C7-DC84352FD623}.Debug|Any CPU.Build.0 = Debug|Any CPU
		{A1B7BCC5-EDB7-4F99-83C7-DC84352FD623}.Release|Any CPU.ActiveCfg = Release|Any CPU
		{A1B7BCC5-EDB7-4F99-83C7-DC84352FD623}.Release|Any CPU.Build.0 = Release|Any CPU
		{78F58E6D-1528-4C99-AC5B-9A1AD8438DF2}.Debug|Any CPU.ActiveCfg = Debug|Any CPU
		{78F58E6D-1528-4C99-AC5B-9A1AD8438DF2}.Debug|Any CPU.Build.0 = Debug|Any CPU
		{78F58E6D-1528-4C99-AC5B-9A1AD8438DF2}.Release|Any CPU.ActiveCfg = Release|Any CPU
		{78F58E6D-1528-4C99-AC5B-9A1AD8438DF2}.Release|Any CPU.Build.0 = Release|Any CPU
	EndGlobalSection
	GlobalSection(SolutionProperties) = preSolution
		HideSolutionNode = FALSE
	EndGlobalSection
	GlobalSection(NestedProjects) = preSolution
		{EB40F4E6-81B2-4D66-AFA8-E905EE8669D4} = {7FE4F31C-E38F-416F-AEC9-5DB909643B78}
		{D8122E86-A08F-4937-B049-984ADA979BA9} = {7FE4F31C-E38F-416F-AEC9-5DB909643B78}
		{6C198945-BD2B-4611-BCF0-862FD0635B40} = {4E3A7F58-B81E-4437-931D-61D8A5DACF12}
		{BEF941F7-5329-4299-B153-0497FADA3556} = {4E3A7F58-B81E-4437-931D-61D8A5DACF12}
		{822CE90A-C9CF-4B7B-B1C5-A14B14ADB044} = {F10FBB4F-6EC0-4662-A8A7-9D03C5F4BF2A}
		{DBF5726C-92EF-49B3-83E2-030A38977530} = {F10FBB4F-6EC0-4662-A8A7-9D03C5F4BF2A}
		{A1B7BCC5-EDB7-4F99-83C7-DC84352FD623} = {60924846-7523-4945-BDFA-474CAF01AD53}
		{78F58E6D-1528-4C99-AC5B-9A1AD8438DF2} = {60924846-7523-4945-BDFA-474CAF01AD53}
	EndGlobalSection
EndGlobal
