
Microsoft Visual Studio Solution File, Format Version 12.00
# Visual Studio 15
VisualStudioVersion = 15.0.26730.15
MinimumVisualStudioVersion = 10.0.40219.1
Project("{2150E333-8FDC-42A3-9474-1A3956D46DE8}") = "Task1", "Task1", "{7FE4F31C-E38F-416F-AEC9-5DB909643B78}"
EndProject
Project("{FAE04EC0-301F-11D3-BF4B-00C04F79EFBC}") = "Task1", "Task1\Task1\Task1.csproj", "{2515FC84-06D6-4553-87D2-5C5F0AD853C7}"
EndProject
Project("{FAE04EC0-301F-11D3-BF4B-00C04F79EFBC}") = "Task1Tests", "Task1\Task1Tests\Task1Tests.csproj", "{2C17236D-CE71-47CB-A8F4-E71F67EFCD1A}"
EndProject
Project("{2150E333-8FDC-42A3-9474-1A3956D46DE8}") = "Task2", "Task2", "{63E3BE8E-C098-41EB-AED1-769B5F475E8C}"
EndProject
Project("{2150E333-8FDC-42A3-9474-1A3956D46DE8}") = "Task3", "Task3", "{F81912BC-F38F-43F0-806B-38A95B33AD89}"
EndProject
Project("{2150E333-8FDC-42A3-9474-1A3956D46DE8}") = "Task4", "Task4", "{E37A9441-EA2C-4E25-BE27-80439E78D3F9}"
EndProject
Project("{2150E333-8FDC-42A3-9474-1A3956D46DE8}") = "Task5", "Task5", "{5DEC47B9-65E0-4FCF-AAD6-A009992D2C7E}"
EndProject
Project("{2150E333-8FDC-42A3-9474-1A3956D46DE8}") = "Task6", "Task6", "{E43B8DF9-AB77-499C-9076-AECC1CFAF026}"
EndProject
Project("{2150E333-8FDC-42A3-9474-1A3956D46DE8}") = "Task7", "Task7", "{8FEC6316-1B37-481B-99CE-BE26C4FB1462}"
EndProject
Project("{2150E333-8FDC-42A3-9474-1A3956D46DE8}") = "Task8", "Task8", "{B66A01B5-B683-4BEC-B38A-56BEC23BEECC}"
EndProject
Project("{2150E333-8FDC-42A3-9474-1A3956D46DE8}") = "Task9", "Task9", "{515121AB-8F77-4A99-ADFC-CAEAE218D6BC}"
EndProject
Project("{2150E333-8FDC-42A3-9474-1A3956D46DE8}") = "Task10", "Task10", "{D0CFC60D-7AEA-44EA-AB9E-62484995C9DB}"
EndProject
Project("{FAE04EC0-301F-11D3-BF4B-00C04F79EFBC}") = "Task10", "Task10\Task10\Task10.csproj", "{2245D74A-6181-4D3F-863F-E410DFF10FFA}"
EndProject
Project("{FAE04EC0-301F-11D3-BF4B-00C04F79EFBC}") = "Task10Tests", "Task10\Task10Tests\Task10Tests.csproj", "{18FB6497-E6D7-4350-A483-621C7874D436}"
EndProject
Project("{FAE04EC0-301F-11D3-BF4B-00C04F79EFBC}") = "Task2", "Task2\Task2\Task2.csproj", "{2ADFF4B8-9189-4A9B-BFDA-2D237C3683AE}"
EndProject
Project("{FAE04EC0-301F-11D3-BF4B-00C04F79EFBC}") = "Task2Tests", "Task2\Task2Tests\Task2Tests.csproj", "{AEA88747-28BA-4585-BC6D-5DD00B39D08B}"
EndProject
Project("{FAE04EC0-301F-11D3-BF4B-00C04F79EFBC}") = "Task3", "Task3\Task3\Task3.csproj", "{4843F44B-2B79-45C1-8932-72F78C87736A}"
EndProject
Project("{FAE04EC0-301F-11D3-BF4B-00C04F79EFBC}") = "Task3Tests", "Task3\Task3Tests\Task3Tests.csproj", "{3C17C194-BA29-4BA8-8A47-F67EB1A4A100}"
EndProject
Project("{FAE04EC0-301F-11D3-BF4B-00C04F79EFBC}") = "Task4", "Task4\Task4\Task4.csproj", "{7AA4CE13-9135-41C2-A724-7944BDBF195E}"
EndProject
Project("{FAE04EC0-301F-11D3-BF4B-00C04F79EFBC}") = "Task4Tests", "Task4\Task4Tests\Task4Tests.csproj", "{8D544F74-4AF6-456D-8ECF-FC9F8AC8BFB4}"
EndProject
Project("{FAE04EC0-301F-11D3-BF4B-00C04F79EFBC}") = "Task5", "Task5\Task5\Task5.csproj", "{97F3E425-6685-4E13-9A3C-63F461ECB48A}"
EndProject
Project("{FAE04EC0-301F-11D3-BF4B-00C04F79EFBC}") = "Task5Tests", "Task5\Task5Tests\Task5Tests.csproj", "{218B84D8-375E-4085-BD27-C11D62117114}"
EndProject
Project("{FAE04EC0-301F-11D3-BF4B-00C04F79EFBC}") = "Task6", "Task6\Task6\Task6.csproj", "{C3C87756-0B57-43B1-B1F3-BE6620932C42}"
EndProject
Project("{FAE04EC0-301F-11D3-BF4B-00C04F79EFBC}") = "Task6Tests", "Task6\Task6Tests\Task6Tests.csproj", "{9537DD60-1856-4045-836F-C75AC179E59F}"
EndProject
Project("{FAE04EC0-301F-11D3-BF4B-00C04F79EFBC}") = "Task7", "Task7\Task7\Task7.csproj", "{BAC7F77F-E0BE-48F9-A2A6-8CD7FD7AAF95}"
EndProject
Project("{FAE04EC0-301F-11D3-BF4B-00C04F79EFBC}") = "Task7Tests", "Task7\Task7Tests\Task7Tests.csproj", "{A2060CBF-E449-4AA6-8766-9ADB67EDDB02}"
EndProject
Project("{FAE04EC0-301F-11D3-BF4B-00C04F79EFBC}") = "Task8", "Task8\Task8\Task8.csproj", "{C8D7C702-BA58-4264-91A4-7165811BDFD1}"
EndProject
Project("{FAE04EC0-301F-11D3-BF4B-00C04F79EFBC}") = "Task8Tests", "Task8\Task8Tests\Task8Tests.csproj", "{879E7812-4071-4252-8866-CDF7B33724A6}"
EndProject
Project("{FAE04EC0-301F-11D3-BF4B-00C04F79EFBC}") = "Task9", "Task9\Task9\Task9.csproj", "{AE306C50-193C-4785-89BC-E198DBF86295}"
EndProject
Project("{FAE04EC0-301F-11D3-BF4B-00C04F79EFBC}") = "Task9Tests", "Task9\Task9Tests\Task9Tests.csproj", "{0CA3491C-BA29-474D-9D91-737F058A485E}"
EndProject
Global
	GlobalSection(SolutionConfigurationPlatforms) = preSolution
		Debug|Any CPU = Debug|Any CPU
		Release|Any CPU = Release|Any CPU
	EndGlobalSection
	GlobalSection(ProjectConfigurationPlatforms) = postSolution
		{2515FC84-06D6-4553-87D2-5C5F0AD853C7}.Debug|Any CPU.ActiveCfg = Debug|Any CPU
		{2515FC84-06D6-4553-87D2-5C5F0AD853C7}.Debug|Any CPU.Build.0 = Debug|Any CPU
		{2515FC84-06D6-4553-87D2-5C5F0AD853C7}.Release|Any CPU.ActiveCfg = Release|Any CPU
		{2515FC84-06D6-4553-87D2-5C5F0AD853C7}.Release|Any CPU.Build.0 = Release|Any CPU
		{2C17236D-CE71-47CB-A8F4-E71F67EFCD1A}.Debug|Any CPU.ActiveCfg = Debug|Any CPU
		{2C17236D-CE71-47CB-A8F4-E71F67EFCD1A}.Debug|Any CPU.Build.0 = Debug|Any CPU
		{2C17236D-CE71-47CB-A8F4-E71F67EFCD1A}.Release|Any CPU.ActiveCfg = Release|Any CPU
		{2C17236D-CE71-47CB-A8F4-E71F67EFCD1A}.Release|Any CPU.Build.0 = Release|Any CPU
		{2245D74A-6181-4D3F-863F-E410DFF10FFA}.Debug|Any CPU.ActiveCfg = Debug|Any CPU
		{2245D74A-6181-4D3F-863F-E410DFF10FFA}.Debug|Any CPU.Build.0 = Debug|Any CPU
		{2245D74A-6181-4D3F-863F-E410DFF10FFA}.Release|Any CPU.ActiveCfg = Release|Any CPU
		{2245D74A-6181-4D3F-863F-E410DFF10FFA}.Release|Any CPU.Build.0 = Release|Any CPU
		{18FB6497-E6D7-4350-A483-621C7874D436}.Debug|Any CPU.ActiveCfg = Debug|Any CPU
		{18FB6497-E6D7-4350-A483-621C7874D436}.Debug|Any CPU.Build.0 = Debug|Any CPU
		{18FB6497-E6D7-4350-A483-621C7874D436}.Release|Any CPU.ActiveCfg = Release|Any CPU
		{18FB6497-E6D7-4350-A483-621C7874D436}.Release|Any CPU.Build.0 = Release|Any CPU
		{2ADFF4B8-9189-4A9B-BFDA-2D237C3683AE}.Debug|Any CPU.ActiveCfg = Debug|Any CPU
		{2ADFF4B8-9189-4A9B-BFDA-2D237C3683AE}.Debug|Any CPU.Build.0 = Debug|Any CPU
		{2ADFF4B8-9189-4A9B-BFDA-2D237C3683AE}.Release|Any CPU.ActiveCfg = Release|Any CPU
		{2ADFF4B8-9189-4A9B-BFDA-2D237C3683AE}.Release|Any CPU.Build.0 = Release|Any CPU
		{AEA88747-28BA-4585-BC6D-5DD00B39D08B}.Debug|Any CPU.ActiveCfg = Debug|Any CPU
		{AEA88747-28BA-4585-BC6D-5DD00B39D08B}.Debug|Any CPU.Build.0 = Debug|Any CPU
		{AEA88747-28BA-4585-BC6D-5DD00B39D08B}.Release|Any CPU.ActiveCfg = Release|Any CPU
		{AEA88747-28BA-4585-BC6D-5DD00B39D08B}.Release|Any CPU.Build.0 = Release|Any CPU
		{4843F44B-2B79-45C1-8932-72F78C87736A}.Debug|Any CPU.ActiveCfg = Debug|Any CPU
		{4843F44B-2B79-45C1-8932-72F78C87736A}.Debug|Any CPU.Build.0 = Debug|Any CPU
		{4843F44B-2B79-45C1-8932-72F78C87736A}.Release|Any CPU.ActiveCfg = Release|Any CPU
		{4843F44B-2B79-45C1-8932-72F78C87736A}.Release|Any CPU.Build.0 = Release|Any CPU
		{3C17C194-BA29-4BA8-8A47-F67EB1A4A100}.Debug|Any CPU.ActiveCfg = Debug|Any CPU
		{3C17C194-BA29-4BA8-8A47-F67EB1A4A100}.Debug|Any CPU.Build.0 = Debug|Any CPU
		{3C17C194-BA29-4BA8-8A47-F67EB1A4A100}.Release|Any CPU.ActiveCfg = Release|Any CPU
		{3C17C194-BA29-4BA8-8A47-F67EB1A4A100}.Release|Any CPU.Build.0 = Release|Any CPU
		{7AA4CE13-9135-41C2-A724-7944BDBF195E}.Debug|Any CPU.ActiveCfg = Debug|Any CPU
		{7AA4CE13-9135-41C2-A724-7944BDBF195E}.Debug|Any CPU.Build.0 = Debug|Any CPU
		{7AA4CE13-9135-41C2-A724-7944BDBF195E}.Release|Any CPU.ActiveCfg = Release|Any CPU
		{7AA4CE13-9135-41C2-A724-7944BDBF195E}.Release|Any CPU.Build.0 = Release|Any CPU
		{8D544F74-4AF6-456D-8ECF-FC9F8AC8BFB4}.Debug|Any CPU.ActiveCfg = Debug|Any CPU
		{8D544F74-4AF6-456D-8ECF-FC9F8AC8BFB4}.Debug|Any CPU.Build.0 = Debug|Any CPU
		{8D544F74-4AF6-456D-8ECF-FC9F8AC8BFB4}.Release|Any CPU.ActiveCfg = Release|Any CPU
		{8D544F74-4AF6-456D-8ECF-FC9F8AC8BFB4}.Release|Any CPU.Build.0 = Release|Any CPU
		{97F3E425-6685-4E13-9A3C-63F461ECB48A}.Debug|Any CPU.ActiveCfg = Debug|Any CPU
		{97F3E425-6685-4E13-9A3C-63F461ECB48A}.Debug|Any CPU.Build.0 = Debug|Any CPU
		{97F3E425-6685-4E13-9A3C-63F461ECB48A}.Release|Any CPU.ActiveCfg = Release|Any CPU
		{97F3E425-6685-4E13-9A3C-63F461ECB48A}.Release|Any CPU.Build.0 = Release|Any CPU
		{218B84D8-375E-4085-BD27-C11D62117114}.Debug|Any CPU.ActiveCfg = Debug|Any CPU
		{218B84D8-375E-4085-BD27-C11D62117114}.Debug|Any CPU.Build.0 = Debug|Any CPU
		{218B84D8-375E-4085-BD27-C11D62117114}.Release|Any CPU.ActiveCfg = Release|Any CPU
		{218B84D8-375E-4085-BD27-C11D62117114}.Release|Any CPU.Build.0 = Release|Any CPU
		{C3C87756-0B57-43B1-B1F3-BE6620932C42}.Debug|Any CPU.ActiveCfg = Debug|Any CPU
		{C3C87756-0B57-43B1-B1F3-BE6620932C42}.Debug|Any CPU.Build.0 = Debug|Any CPU
		{C3C87756-0B57-43B1-B1F3-BE6620932C42}.Release|Any CPU.ActiveCfg = Release|Any CPU
		{C3C87756-0B57-43B1-B1F3-BE6620932C42}.Release|Any CPU.Build.0 = Release|Any CPU
		{9537DD60-1856-4045-836F-C75AC179E59F}.Debug|Any CPU.ActiveCfg = Debug|Any CPU
		{9537DD60-1856-4045-836F-C75AC179E59F}.Debug|Any CPU.Build.0 = Debug|Any CPU
		{9537DD60-1856-4045-836F-C75AC179E59F}.Release|Any CPU.ActiveCfg = Release|Any CPU
		{9537DD60-1856-4045-836F-C75AC179E59F}.Release|Any CPU.Build.0 = Release|Any CPU
		{BAC7F77F-E0BE-48F9-A2A6-8CD7FD7AAF95}.Debug|Any CPU.ActiveCfg = Debug|Any CPU
		{BAC7F77F-E0BE-48F9-A2A6-8CD7FD7AAF95}.Debug|Any CPU.Build.0 = Debug|Any CPU
		{BAC7F77F-E0BE-48F9-A2A6-8CD7FD7AAF95}.Release|Any CPU.ActiveCfg = Release|Any CPU
		{BAC7F77F-E0BE-48F9-A2A6-8CD7FD7AAF95}.Release|Any CPU.Build.0 = Release|Any CPU
		{A2060CBF-E449-4AA6-8766-9ADB67EDDB02}.Debug|Any CPU.ActiveCfg = Debug|Any CPU
		{A2060CBF-E449-4AA6-8766-9ADB67EDDB02}.Debug|Any CPU.Build.0 = Debug|Any CPU
		{A2060CBF-E449-4AA6-8766-9ADB67EDDB02}.Release|Any CPU.ActiveCfg = Release|Any CPU
		{A2060CBF-E449-4AA6-8766-9ADB67EDDB02}.Release|Any CPU.Build.0 = Release|Any CPU
		{C8D7C702-BA58-4264-91A4-7165811BDFD1}.Debug|Any CPU.ActiveCfg = Debug|Any CPU
		{C8D7C702-BA58-4264-91A4-7165811BDFD1}.Debug|Any CPU.Build.0 = Debug|Any CPU
		{C8D7C702-BA58-4264-91A4-7165811BDFD1}.Release|Any CPU.ActiveCfg = Release|Any CPU
		{C8D7C702-BA58-4264-91A4-7165811BDFD1}.Release|Any CPU.Build.0 = Release|Any CPU
		{879E7812-4071-4252-8866-CDF7B33724A6}.Debug|Any CPU.ActiveCfg = Debug|Any CPU
		{879E7812-4071-4252-8866-CDF7B33724A6}.Debug|Any CPU.Build.0 = Debug|Any CPU
		{879E7812-4071-4252-8866-CDF7B33724A6}.Release|Any CPU.ActiveCfg = Release|Any CPU
		{879E7812-4071-4252-8866-CDF7B33724A6}.Release|Any CPU.Build.0 = Release|Any CPU
		{AE306C50-193C-4785-89BC-E198DBF86295}.Debug|Any CPU.ActiveCfg = Debug|Any CPU
		{AE306C50-193C-4785-89BC-E198DBF86295}.Debug|Any CPU.Build.0 = Debug|Any CPU
		{AE306C50-193C-4785-89BC-E198DBF86295}.Release|Any CPU.ActiveCfg = Release|Any CPU
		{AE306C50-193C-4785-89BC-E198DBF86295}.Release|Any CPU.Build.0 = Release|Any CPU
		{0CA3491C-BA29-474D-9D91-737F058A485E}.Debug|Any CPU.ActiveCfg = Debug|Any CPU
		{0CA3491C-BA29-474D-9D91-737F058A485E}.Debug|Any CPU.Build.0 = Debug|Any CPU
		{0CA3491C-BA29-474D-9D91-737F058A485E}.Release|Any CPU.ActiveCfg = Release|Any CPU
		{0CA3491C-BA29-474D-9D91-737F058A485E}.Release|Any CPU.Build.0 = Release|Any CPU
	EndGlobalSection
	GlobalSection(SolutionProperties) = preSolution
		HideSolutionNode = FALSE
	EndGlobalSection
	GlobalSection(NestedProjects) = preSolution
		{2515FC84-06D6-4553-87D2-5C5F0AD853C7} = {7FE4F31C-E38F-416F-AEC9-5DB909643B78}
		{2C17236D-CE71-47CB-A8F4-E71F67EFCD1A} = {7FE4F31C-E38F-416F-AEC9-5DB909643B78}
		{2245D74A-6181-4D3F-863F-E410DFF10FFA} = {D0CFC60D-7AEA-44EA-AB9E-62484995C9DB}
		{18FB6497-E6D7-4350-A483-621C7874D436} = {D0CFC60D-7AEA-44EA-AB9E-62484995C9DB}
		{2ADFF4B8-9189-4A9B-BFDA-2D237C3683AE} = {63E3BE8E-C098-41EB-AED1-769B5F475E8C}
		{AEA88747-28BA-4585-BC6D-5DD00B39D08B} = {63E3BE8E-C098-41EB-AED1-769B5F475E8C}
		{4843F44B-2B79-45C1-8932-72F78C87736A} = {F81912BC-F38F-43F0-806B-38A95B33AD89}
		{3C17C194-BA29-4BA8-8A47-F67EB1A4A100} = {F81912BC-F38F-43F0-806B-38A95B33AD89}
		{7AA4CE13-9135-41C2-A724-7944BDBF195E} = {E37A9441-EA2C-4E25-BE27-80439E78D3F9}
		{8D544F74-4AF6-456D-8ECF-FC9F8AC8BFB4} = {E37A9441-EA2C-4E25-BE27-80439E78D3F9}
		{97F3E425-6685-4E13-9A3C-63F461ECB48A} = {5DEC47B9-65E0-4FCF-AAD6-A009992D2C7E}
		{218B84D8-375E-4085-BD27-C11D62117114} = {5DEC47B9-65E0-4FCF-AAD6-A009992D2C7E}
		{C3C87756-0B57-43B1-B1F3-BE6620932C42} = {E43B8DF9-AB77-499C-9076-AECC1CFAF026}
		{9537DD60-1856-4045-836F-C75AC179E59F} = {E43B8DF9-AB77-499C-9076-AECC1CFAF026}
		{BAC7F77F-E0BE-48F9-A2A6-8CD7FD7AAF95} = {8FEC6316-1B37-481B-99CE-BE26C4FB1462}
		{A2060CBF-E449-4AA6-8766-9ADB67EDDB02} = {8FEC6316-1B37-481B-99CE-BE26C4FB1462}
		{C8D7C702-BA58-4264-91A4-7165811BDFD1} = {B66A01B5-B683-4BEC-B38A-56BEC23BEECC}
		{879E7812-4071-4252-8866-CDF7B33724A6} = {B66A01B5-B683-4BEC-B38A-56BEC23BEECC}
		{AE306C50-193C-4785-89BC-E198DBF86295} = {515121AB-8F77-4A99-ADFC-CAEAE218D6BC}
		{0CA3491C-BA29-474D-9D91-737F058A485E} = {515121AB-8F77-4A99-ADFC-CAEAE218D6BC}
	EndGlobalSection
	GlobalSection(ExtensibilityGlobals) = postSolution
		SolutionGuid = {ECA96F13-CCBE-4484-893C-9EC728ECD29C}
	EndGlobalSection
EndGlobal
